// !$*UTF8*$!
{
	archiveVersion = 1;
	classes = {
	};
	objectVersion = 46;
	objects = {

/* Begin PBXBuildFile section */
		140235781E1BC6E60072762B /* Double+Helpers.swift in Sources */ = {isa = PBXBuildFile; fileRef = 140235771E1BC6E60072762B /* Double+Helpers.swift */; };
		1432419B1E1BF4D9000E6950 /* UIScreen+Helpers.swift in Sources */ = {isa = PBXBuildFile; fileRef = 1432419A1E1BF4D9000E6950 /* UIScreen+Helpers.swift */; };
		143D3B221DE9D3E0003F77B9 /* Theme.swift in Sources */ = {isa = PBXBuildFile; fileRef = 143D3B1F1DE9D3E0003F77B9 /* Theme.swift */; };
		143D3B261DE9D3F3003F77B9 /* AppDelegate.swift in Sources */ = {isa = PBXBuildFile; fileRef = 143D3B241DE9D3F3003F77B9 /* AppDelegate.swift */; };
		143D3B271DE9D3F3003F77B9 /* MainController.swift in Sources */ = {isa = PBXBuildFile; fileRef = 143D3B251DE9D3F3003F77B9 /* MainController.swift */; };
		143D3B291DE9D434003F77B9 /* LocationTracker.swift in Sources */ = {isa = PBXBuildFile; fileRef = 143D3B281DE9D434003F77B9 /* LocationTracker.swift */; };
		144F3C151E09D908009A45D2 /* MessageGeneratorTests.swift in Sources */ = {isa = PBXBuildFile; fileRef = 1483128D1B92C11500266943 /* MessageGeneratorTests.swift */; };
		144F3C161E09D908009A45D2 /* SunPhaseTests.swift in Sources */ = {isa = PBXBuildFile; fileRef = 14E6F3C91E08735200F9C3F6 /* SunPhaseTests.swift */; };
		144F3C171E09D908009A45D2 /* SunriseSet+HelperTests.swift in Sources */ = {isa = PBXBuildFile; fileRef = 144D8CEA1E089D6C0036FD4B /* SunriseSet+HelperTests.swift */; };
		144F3C181E09D90F009A45D2 /* MessageGenerator.swift in Sources */ = {isa = PBXBuildFile; fileRef = D197BA3AFD6ABA7A71444B40 /* MessageGenerator.swift */; };
		144F3C1B1E09D928009A45D2 /* Date+Helpers.swift in Sources */ = {isa = PBXBuildFile; fileRef = 146AE9AC1E08B050003EE788 /* Date+Helpers.swift */; };
		14507A781E09F8C60032F0AF /* Message.swift in Sources */ = {isa = PBXBuildFile; fileRef = 14507A771E09F8C60032F0AF /* Message.swift */; };
		14507A791E09F8C60032F0AF /* Message.swift in Sources */ = {isa = PBXBuildFile; fileRef = 14507A771E09F8C60032F0AF /* Message.swift */; };
		14507A7C1E09F9AF0032F0AF /* MessageTests.swift in Sources */ = {isa = PBXBuildFile; fileRef = 14507A7B1E09F9AF0032F0AF /* MessageTests.swift */; };
		146AE9AD1E08B050003EE788 /* Date+Helpers.swift in Sources */ = {isa = PBXBuildFile; fileRef = 146AE9AC1E08B050003EE788 /* Date+Helpers.swift */; };
		146E27A91BCD51F200959BBA /* LaunchScreen.xib in Resources */ = {isa = PBXBuildFile; fileRef = 146E279F1BCD51F200959BBA /* LaunchScreen.xib */; };
		146E27AA1BCD51F200959BBA /* Images.xcassets in Resources */ = {isa = PBXBuildFile; fileRef = 146E27A11BCD51F200959BBA /* Images.xcassets */; };
		146EE0461E1BC40200F08A13 /* Date+HelperTests.swift in Sources */ = {isa = PBXBuildFile; fileRef = 146EE0451E1BC40200F08A13 /* Date+HelperTests.swift */; };
		148FBB6A1E07EDBE009ED9F3 /* SweetUIKit.framework in Frameworks */ = {isa = PBXBuildFile; fileRef = 148FBB691E07EDBE009ED9F3 /* SweetUIKit.framework */; };
		148FBB6B1E07EDBE009ED9F3 /* SweetUIKit.framework in Embed Frameworks */ = {isa = PBXBuildFile; fileRef = 148FBB691E07EDBE009ED9F3 /* SweetUIKit.framework */; settings = {ATTRIBUTES = (CodeSignOnCopy, RemoveHeadersOnCopy, ); }; };
		14A10F581E0D336E00A2D098 /* suncalc.js in Resources */ = {isa = PBXBuildFile; fileRef = 14A10F571E0D336E00A2D098 /* suncalc.js */; };
		14A10F591E0D336E00A2D098 /* suncalc.js in Resources */ = {isa = PBXBuildFile; fileRef = 14A10F571E0D336E00A2D098 /* suncalc.js */; };
		14A10F5B1E0D339D00A2D098 /* SunCalc.swift in Sources */ = {isa = PBXBuildFile; fileRef = 14A10F5A1E0D339D00A2D098 /* SunCalc.swift */; };
		14A10F5C1E0D339D00A2D098 /* SunCalc.swift in Sources */ = {isa = PBXBuildFile; fileRef = 14A10F5A1E0D339D00A2D098 /* SunCalc.swift */; };
		14A3E1781E09E6BF002F0D6C /* Settings.swift in Sources */ = {isa = PBXBuildFile; fileRef = 14A3E1771E09E6BF002F0D6C /* Settings.swift */; };
		14C5918D1E24082F0035AB81 /* MainView.swift in Sources */ = {isa = PBXBuildFile; fileRef = 14C5918C1E24082F0035AB81 /* MainView.swift */; };
		14C5918F1E2414ED0035AB81 /* OnboardingController.swift in Sources */ = {isa = PBXBuildFile; fileRef = 14C5918E1E2414ED0035AB81 /* OnboardingController.swift */; };
		14C866D51E0B314A0018FFD2 /* Oslo.gpx in Resources */ = {isa = PBXBuildFile; fileRef = 14C866D41E0B314A0018FFD2 /* Oslo.gpx */; };
		14F37F931E0D554700005101 /* SunCalcTests.swift in Sources */ = {isa = PBXBuildFile; fileRef = 14F37F921E0D554700005101 /* SunCalcTests.swift */; };
		44227E8F1E067A1E002B911B /* Location.swift in Sources */ = {isa = PBXBuildFile; fileRef = 44227E8E1E067A1E002B911B /* Location.swift */; };
		D197B9F3E7C85A89377CBAAA /* Notifier.swift in Sources */ = {isa = PBXBuildFile; fileRef = D197BBC3EDBF4CA099642BCE /* Notifier.swift */; };
		D197BB6AA1F1FB8F3E2ADA6B /* MessageGenerator.swift in Sources */ = {isa = PBXBuildFile; fileRef = D197BA3AFD6ABA7A71444B40 /* MessageGenerator.swift */; };
		E6D9D5051E02CDE70007006D /* SunView.swift in Sources */ = {isa = PBXBuildFile; fileRef = E6D9D5041E02CDE70007006D /* SunView.swift */; };
		E6D9D5071E02D7970007006D /* InformationButton.swift in Sources */ = {isa = PBXBuildFile; fileRef = E6D9D5061E02D7970007006D /* InformationButton.swift */; };
		E6E337AE1E044AD600787E88 /* InformationController.swift in Sources */ = {isa = PBXBuildFile; fileRef = E6E337AD1E044AD600787E88 /* InformationController.swift */; };
		E6F604701E08106000A6461A /* CloseButton.swift in Sources */ = {isa = PBXBuildFile; fileRef = E6F6046F1E08106000A6461A /* CloseButton.swift */; };
/* End PBXBuildFile section */

/* Begin PBXCopyFilesBuildPhase section */
		14E6F3D81E08798E00F9C3F6 /* CopyFiles */ = {
			isa = PBXCopyFilesBuildPhase;
			buildActionMask = 2147483647;
			dstPath = "";
			dstSubfolderSpec = 10;
			files = (
			);
			runOnlyForDeploymentPostprocessing = 0;
		};
		14F3560E1DE9C2020016AA17 /* Embed Frameworks */ = {
			isa = PBXCopyFilesBuildPhase;
			buildActionMask = 2147483647;
			dstPath = "";
			dstSubfolderSpec = 10;
			files = (
				148FBB6B1E07EDBE009ED9F3 /* SweetUIKit.framework in Embed Frameworks */,
			);
			name = "Embed Frameworks";
			runOnlyForDeploymentPostprocessing = 0;
		};
/* End PBXCopyFilesBuildPhase section */

/* Begin PBXFileReference section */
		140235771E1BC6E60072762B /* Double+Helpers.swift */ = {isa = PBXFileReference; fileEncoding = 4; lastKnownFileType = sourcecode.swift; path = "Double+Helpers.swift"; sourceTree = "<group>"; };
		1418DB881E08A8BF0041C201 /* Suntimes.framework */ = {isa = PBXFileReference; lastKnownFileType = wrapper.framework; name = Suntimes.framework; path = Carthage/Build/iOS/Suntimes.framework; sourceTree = "<group>"; };
		1432419A1E1BF4D9000E6950 /* UIScreen+Helpers.swift */ = {isa = PBXFileReference; fileEncoding = 4; lastKnownFileType = sourcecode.swift; path = "UIScreen+Helpers.swift"; sourceTree = "<group>"; };
		143D3B1F1DE9D3E0003F77B9 /* Theme.swift */ = {isa = PBXFileReference; fileEncoding = 4; lastKnownFileType = sourcecode.swift; path = Theme.swift; sourceTree = "<group>"; };
		143D3B241DE9D3F3003F77B9 /* AppDelegate.swift */ = {isa = PBXFileReference; fileEncoding = 4; lastKnownFileType = sourcecode.swift; path = AppDelegate.swift; sourceTree = "<group>"; };
		143D3B251DE9D3F3003F77B9 /* MainController.swift */ = {isa = PBXFileReference; fileEncoding = 4; lastKnownFileType = sourcecode.swift; path = MainController.swift; sourceTree = "<group>"; };
		143D3B281DE9D434003F77B9 /* LocationTracker.swift */ = {isa = PBXFileReference; fileEncoding = 4; lastKnownFileType = sourcecode.swift; path = LocationTracker.swift; sourceTree = "<group>"; };
		144D8CEA1E089D6C0036FD4B /* SunriseSet+HelperTests.swift */ = {isa = PBXFileReference; fileEncoding = 4; lastKnownFileType = sourcecode.swift; path = "SunriseSet+HelperTests.swift"; sourceTree = "<group>"; };
		14507A771E09F8C60032F0AF /* Message.swift */ = {isa = PBXFileReference; fileEncoding = 4; lastKnownFileType = sourcecode.swift; path = Message.swift; sourceTree = "<group>"; };
		14507A7B1E09F9AF0032F0AF /* MessageTests.swift */ = {isa = PBXFileReference; fileEncoding = 4; lastKnownFileType = sourcecode.swift; path = MessageTests.swift; sourceTree = "<group>"; };
		146AE9AC1E08B050003EE788 /* Date+Helpers.swift */ = {isa = PBXFileReference; fileEncoding = 4; lastKnownFileType = sourcecode.swift; path = "Date+Helpers.swift"; sourceTree = "<group>"; };
		146E27891BCD51C800959BBA /* iOS.app */ = {isa = PBXFileReference; explicitFileType = wrapper.application; includeInIndex = 0; path = iOS.app; sourceTree = BUILT_PRODUCTS_DIR; };
		146E27A01BCD51F200959BBA /* Base */ = {isa = PBXFileReference; lastKnownFileType = file.xib; name = Base; path = Base.lproj/LaunchScreen.xib; sourceTree = "<group>"; };
		146E27A11BCD51F200959BBA /* Images.xcassets */ = {isa = PBXFileReference; lastKnownFileType = folder.assetcatalog; path = Images.xcassets; sourceTree = "<group>"; };
		146E27A21BCD51F200959BBA /* Info.plist */ = {isa = PBXFileReference; fileEncoding = 4; lastKnownFileType = text.plist.xml; path = Info.plist; sourceTree = "<group>"; };
		146EE0451E1BC40200F08A13 /* Date+HelperTests.swift */ = {isa = PBXFileReference; fileEncoding = 4; lastKnownFileType = sourcecode.swift; path = "Date+HelperTests.swift"; sourceTree = "<group>"; };
		148312891B92C11500266943 /* Tests.xctest */ = {isa = PBXFileReference; explicitFileType = wrapper.cfbundle; includeInIndex = 0; path = Tests.xctest; sourceTree = BUILT_PRODUCTS_DIR; };
		1483128C1B92C11500266943 /* Info.plist */ = {isa = PBXFileReference; lastKnownFileType = text.plist.xml; path = Info.plist; sourceTree = "<group>"; };
		1483128D1B92C11500266943 /* MessageGeneratorTests.swift */ = {isa = PBXFileReference; lastKnownFileType = sourcecode.swift; path = MessageGeneratorTests.swift; sourceTree = "<group>"; };
		148FBB691E07EDBE009ED9F3 /* SweetUIKit.framework */ = {isa = PBXFileReference; lastKnownFileType = wrapper.framework; name = SweetUIKit.framework; path = Carthage/Build/iOS/SweetUIKit.framework; sourceTree = "<group>"; };
		14A10F571E0D336E00A2D098 /* suncalc.js */ = {isa = PBXFileReference; fileEncoding = 4; lastKnownFileType = sourcecode.javascript; path = suncalc.js; sourceTree = "<group>"; };
		14A10F5A1E0D339D00A2D098 /* SunCalc.swift */ = {isa = PBXFileReference; fileEncoding = 4; lastKnownFileType = sourcecode.swift; path = SunCalc.swift; sourceTree = "<group>"; };
		14A3E1771E09E6BF002F0D6C /* Settings.swift */ = {isa = PBXFileReference; fileEncoding = 4; lastKnownFileType = sourcecode.swift; path = Settings.swift; sourceTree = "<group>"; };
		14C5918C1E24082F0035AB81 /* MainView.swift */ = {isa = PBXFileReference; fileEncoding = 4; lastKnownFileType = sourcecode.swift; path = MainView.swift; sourceTree = "<group>"; };
		14C5918E1E2414ED0035AB81 /* OnboardingController.swift */ = {isa = PBXFileReference; fileEncoding = 4; lastKnownFileType = sourcecode.swift; path = OnboardingController.swift; sourceTree = "<group>"; };
		14C866D41E0B314A0018FFD2 /* Oslo.gpx */ = {isa = PBXFileReference; fileEncoding = 4; lastKnownFileType = text.xml; path = Oslo.gpx; sourceTree = "<group>"; };
		14E6F3C91E08735200F9C3F6 /* SunPhaseTests.swift */ = {isa = PBXFileReference; fileEncoding = 4; lastKnownFileType = sourcecode.swift; path = SunPhaseTests.swift; sourceTree = "<group>"; };
		14F37F921E0D554700005101 /* SunCalcTests.swift */ = {isa = PBXFileReference; fileEncoding = 4; lastKnownFileType = sourcecode.swift; path = SunCalcTests.swift; sourceTree = "<group>"; };
		44227E8E1E067A1E002B911B /* Location.swift */ = {isa = PBXFileReference; fileEncoding = 4; lastKnownFileType = sourcecode.swift; path = Location.swift; sourceTree = "<group>"; };
		D197BA3AFD6ABA7A71444B40 /* MessageGenerator.swift */ = {isa = PBXFileReference; fileEncoding = 4; lastKnownFileType = sourcecode.swift; path = MessageGenerator.swift; sourceTree = "<group>"; };
		D197BBC3EDBF4CA099642BCE /* Notifier.swift */ = {isa = PBXFileReference; fileEncoding = 4; lastKnownFileType = sourcecode.swift; path = Notifier.swift; sourceTree = "<group>"; };
		E6D9D5041E02CDE70007006D /* SunView.swift */ = {isa = PBXFileReference; fileEncoding = 4; lastKnownFileType = sourcecode.swift; path = SunView.swift; sourceTree = "<group>"; };
		E6D9D5061E02D7970007006D /* InformationButton.swift */ = {isa = PBXFileReference; fileEncoding = 4; lastKnownFileType = sourcecode.swift; path = InformationButton.swift; sourceTree = "<group>"; };
		E6E337AD1E044AD600787E88 /* InformationController.swift */ = {isa = PBXFileReference; fileEncoding = 4; lastKnownFileType = sourcecode.swift; path = InformationController.swift; sourceTree = "<group>"; };
		E6F6046F1E08106000A6461A /* CloseButton.swift */ = {isa = PBXFileReference; fileEncoding = 4; lastKnownFileType = sourcecode.swift; path = CloseButton.swift; sourceTree = "<group>"; };
/* End PBXFileReference section */

/* Begin PBXFrameworksBuildPhase section */
		146E27861BCD51C800959BBA /* Frameworks */ = {
			isa = PBXFrameworksBuildPhase;
			buildActionMask = 2147483647;
			files = (
				148FBB6A1E07EDBE009ED9F3 /* SweetUIKit.framework in Frameworks */,
			);
			runOnlyForDeploymentPostprocessing = 0;
		};
		148312861B92C11500266943 /* Frameworks */ = {
			isa = PBXFrameworksBuildPhase;
			buildActionMask = 2147483647;
			files = (
			);
			runOnlyForDeploymentPostprocessing = 0;
		};
/* End PBXFrameworksBuildPhase section */

/* Begin PBXGroup section */
		1418DB8A1E08A8C70041C201 /* Test Frameworks */ = {
			isa = PBXGroup;
			children = (
				1418DB881E08A8BF0041C201 /* Suntimes.framework */,
			);
			name = "Test Frameworks";
			sourceTree = "<group>";
		};
		141A6FD31BDE2DAB00CB6E82 /* Library */ = {
			isa = PBXGroup;
			children = (
				14A10F571E0D336E00A2D098 /* suncalc.js */,
				143D3B1F1DE9D3E0003F77B9 /* Theme.swift */,
				143D3B281DE9D434003F77B9 /* LocationTracker.swift */,
				D197BA3AFD6ABA7A71444B40 /* MessageGenerator.swift */,
				44227E8E1E067A1E002B911B /* Location.swift */,
				146AE9AC1E08B050003EE788 /* Date+Helpers.swift */,
				D197BBC3EDBF4CA099642BCE /* Notifier.swift */,
				14A3E1771E09E6BF002F0D6C /* Settings.swift */,
				14507A771E09F8C60032F0AF /* Message.swift */,
				14A10F5A1E0D339D00A2D098 /* SunCalc.swift */,
				140235771E1BC6E60072762B /* Double+Helpers.swift */,
				1432419A1E1BF4D9000E6950 /* UIScreen+Helpers.swift */,
			);
			path = Library;
			sourceTree = "<group>";
		};
		146E278A1BCD51C800959BBA /* iOS */ = {
			isa = PBXGroup;
			children = (
				146E279E1BCD51F200959BBA /* Resources */,
				146E27A31BCD51F200959BBA /* Source */,
			);
			path = iOS;
			sourceTree = "<group>";
		};
		146E279E1BCD51F200959BBA /* Resources */ = {
			isa = PBXGroup;
			children = (
				14C866D41E0B314A0018FFD2 /* Oslo.gpx */,
				146E279F1BCD51F200959BBA /* LaunchScreen.xib */,
				146E27A11BCD51F200959BBA /* Images.xcassets */,
				146E27A21BCD51F200959BBA /* Info.plist */,
			);
			path = Resources;
			sourceTree = "<group>";
		};
		146E27A31BCD51F200959BBA /* Source */ = {
			isa = PBXGroup;
			children = (
				143D3B241DE9D3F3003F77B9 /* AppDelegate.swift */,
				14C5918E1E2414ED0035AB81 /* OnboardingController.swift */,
				143D3B251DE9D3F3003F77B9 /* MainController.swift */,
				14C5918C1E24082F0035AB81 /* MainView.swift */,
				E6E337AD1E044AD600787E88 /* InformationController.swift */,
				E6D9D5041E02CDE70007006D /* SunView.swift */,
				E6D9D5061E02D7970007006D /* InformationButton.swift */,
				E6F6046F1E08106000A6461A /* CloseButton.swift */,
			);
			path = Source;
			sourceTree = "<group>";
		};
		147A139B1B92B9E300E52F9C = {
			isa = PBXGroup;
			children = (
				141A6FD31BDE2DAB00CB6E82 /* Library */,
				146E278A1BCD51C800959BBA /* iOS */,
				1483128A1B92C11500266943 /* Tests */,
				147A13A51B92B9E300E52F9C /* Products */,
				1418DB8A1E08A8C70041C201 /* Test Frameworks */,
				14F3560F1DE9C21B0016AA17 /* Frameworks */,
			);
			sourceTree = "<group>";
		};
		147A13A51B92B9E300E52F9C /* Products */ = {
			isa = PBXGroup;
			children = (
				148312891B92C11500266943 /* Tests.xctest */,
				146E27891BCD51C800959BBA /* iOS.app */,
			);
			name = Products;
			sourceTree = "<group>";
		};
		1483128A1B92C11500266943 /* Tests */ = {
			isa = PBXGroup;
			children = (
				1483128D1B92C11500266943 /* MessageGeneratorTests.swift */,
				14F37F921E0D554700005101 /* SunCalcTests.swift */,
				14E6F3C91E08735200F9C3F6 /* SunPhaseTests.swift */,
				144D8CEA1E089D6C0036FD4B /* SunriseSet+HelperTests.swift */,
				14507A7B1E09F9AF0032F0AF /* MessageTests.swift */,
				1483128C1B92C11500266943 /* Info.plist */,
				146EE0451E1BC40200F08A13 /* Date+HelperTests.swift */,
			);
			path = Tests;
			sourceTree = "<group>";
		};
		14F3560F1DE9C21B0016AA17 /* Frameworks */ = {
			isa = PBXGroup;
			children = (
				148FBB691E07EDBE009ED9F3 /* SweetUIKit.framework */,
			);
			name = Frameworks;
			sourceTree = "<group>";
		};
/* End PBXGroup section */

/* Begin PBXNativeTarget section */
		146E27881BCD51C800959BBA /* iOS */ = {
			isa = PBXNativeTarget;
			buildConfigurationList = 146E27961BCD51C800959BBA /* Build configuration list for PBXNativeTarget "iOS" */;
			buildPhases = (
				146E27851BCD51C800959BBA /* Sources */,
				146E27861BCD51C800959BBA /* Frameworks */,
				146E27871BCD51C800959BBA /* Resources */,
				14425E4A1C96FED200F0FAD1 /* Highlight TODOs, FIXMEs and WARNINGs */,
				14F3560E1DE9C2020016AA17 /* Embed Frameworks */,
				14C9C6951E05641300A8DACB /* Carthage */,
			);
			buildRules = (
			);
			dependencies = (
			);
			name = iOS;
			productName = iOS;
			productReference = 146E27891BCD51C800959BBA /* iOS.app */;
			productType = "com.apple.product-type.application";
		};
		148312881B92C11500266943 /* Tests */ = {
			isa = PBXNativeTarget;
			buildConfigurationList = 148312931B92C11500266943 /* Build configuration list for PBXNativeTarget "Tests" */;
			buildPhases = (
				148312851B92C11500266943 /* Sources */,
				148312861B92C11500266943 /* Frameworks */,
				148312871B92C11500266943 /* Resources */,
				14E6F3D81E08798E00F9C3F6 /* CopyFiles */,
			);
			buildRules = (
			);
			dependencies = (
			);
			name = Tests;
			productName = Tests;
			productReference = 148312891B92C11500266943 /* Tests.xctest */;
			productType = "com.apple.product-type.bundle.unit-test";
		};
/* End PBXNativeTarget section */

/* Begin PBXProject section */
		147A139C1B92B9E300E52F9C /* Project object */ = {
			isa = PBXProject;
			attributes = {
				LastSwiftMigration = 0700;
				LastSwiftUpdateCheck = 0700;
				LastUpgradeCheck = 0800;
				ORGANIZATIONNAME = "";
				TargetAttributes = {
					146E27881BCD51C800959BBA = {
						CreatedOnToolsVersion = 7.0.1;
						DevelopmentTeam = 29X3GG489T;
						LastSwiftMigration = 0800;
					};
					148312881B92C11500266943 = {
						CreatedOnToolsVersion = 6.4;
						LastSwiftMigration = 0800;
						ProvisioningStyle = Manual;
					};
				};
			};
			buildConfigurationList = 147A139F1B92B9E300E52F9C /* Build configuration list for PBXProject "Project" */;
			compatibilityVersion = "Xcode 3.2";
			developmentRegion = English;
			hasScannedForEncodings = 0;
			knownRegions = (
				en,
				Base,
			);
			mainGroup = 147A139B1B92B9E300E52F9C;
			productRefGroup = 147A13A51B92B9E300E52F9C /* Products */;
			projectDirPath = "";
			projectRoot = "";
			targets = (
				146E27881BCD51C800959BBA /* iOS */,
				148312881B92C11500266943 /* Tests */,
			);
		};
/* End PBXProject section */

/* Begin PBXResourcesBuildPhase section */
		146E27871BCD51C800959BBA /* Resources */ = {
			isa = PBXResourcesBuildPhase;
			buildActionMask = 2147483647;
			files = (
				146E27AA1BCD51F200959BBA /* Images.xcassets in Resources */,
				146E27A91BCD51F200959BBA /* LaunchScreen.xib in Resources */,
				14A10F581E0D336E00A2D098 /* suncalc.js in Resources */,
				14C866D51E0B314A0018FFD2 /* Oslo.gpx in Resources */,
			);
			runOnlyForDeploymentPostprocessing = 0;
		};
		148312871B92C11500266943 /* Resources */ = {
			isa = PBXResourcesBuildPhase;
			buildActionMask = 2147483647;
			files = (
				14A10F591E0D336E00A2D098 /* suncalc.js in Resources */,
			);
			runOnlyForDeploymentPostprocessing = 0;
		};
/* End PBXResourcesBuildPhase section */

/* Begin PBXShellScriptBuildPhase section */
		14425E4A1C96FED200F0FAD1 /* Highlight TODOs, FIXMEs and WARNINGs */ = {
			isa = PBXShellScriptBuildPhase;
			buildActionMask = 2147483647;
			files = (
			);
			inputPaths = (
			);
			name = "Highlight TODOs, FIXMEs and WARNINGs";
			outputPaths = (
			);
			runOnlyForDeploymentPostprocessing = 0;
			shellPath = /bin/sh;
			shellScript = "if [ \"${CONFIGURATION}\" = \"Debug\" ]; then\nTAGS=\"\\/\\/ TODO:|\\/\\/ FIXME:|\\/\\/ WARNING:\"\necho \"searching ${SRCROOT} for ${TAGS}\"\nfind \"${SRCROOT}\" \\( -name \"*.swift\" \\) -print0 | xargs -0 egrep --with-filename --line-number --only-matching \"($TAGS).*\\$\" | perl -p -e \"s/($TAGS)/ warning: \\$1/\"\nfi\n";
		};
		14C9C6951E05641300A8DACB /* Carthage */ = {
			isa = PBXShellScriptBuildPhase;
			buildActionMask = 2147483647;
			files = (
			);
			inputPaths = (
				"$(SRCROOT)/Carthage/Build/iOS/SweetUIKit.framework",
			);
			name = Carthage;
			outputPaths = (
			);
			runOnlyForDeploymentPostprocessing = 0;
			shellPath = /bin/sh;
			shellScript = "/usr/local/bin/carthage copy-frameworks";
		};
/* End PBXShellScriptBuildPhase section */

/* Begin PBXSourcesBuildPhase section */
		146E27851BCD51C800959BBA /* Sources */ = {
			isa = PBXSourcesBuildPhase;
			buildActionMask = 2147483647;
			files = (
				143D3B261DE9D3F3003F77B9 /* AppDelegate.swift in Sources */,
				14C5918D1E24082F0035AB81 /* MainView.swift in Sources */,
				143D3B271DE9D3F3003F77B9 /* MainController.swift in Sources */,
				44227E8F1E067A1E002B911B /* Location.swift in Sources */,
				146AE9AD1E08B050003EE788 /* Date+Helpers.swift in Sources */,
				143D3B221DE9D3E0003F77B9 /* Theme.swift in Sources */,
				E6E337AE1E044AD600787E88 /* InformationController.swift in Sources */,
				E6F604701E08106000A6461A /* CloseButton.swift in Sources */,
				14A3E1781E09E6BF002F0D6C /* Settings.swift in Sources */,
				140235781E1BC6E60072762B /* Double+Helpers.swift in Sources */,
				14C5918F1E2414ED0035AB81 /* OnboardingController.swift in Sources */,
				E6D9D5071E02D7970007006D /* InformationButton.swift in Sources */,
				14A10F5B1E0D339D00A2D098 /* SunCalc.swift in Sources */,
				E6D9D5051E02CDE70007006D /* SunView.swift in Sources */,
				143D3B291DE9D434003F77B9 /* LocationTracker.swift in Sources */,
				14507A781E09F8C60032F0AF /* Message.swift in Sources */,
				1432419B1E1BF4D9000E6950 /* UIScreen+Helpers.swift in Sources */,
				D197BB6AA1F1FB8F3E2ADA6B /* MessageGenerator.swift in Sources */,
				D197B9F3E7C85A89377CBAAA /* Notifier.swift in Sources */,
			);
			runOnlyForDeploymentPostprocessing = 0;
		};
		148312851B92C11500266943 /* Sources */ = {
			isa = PBXSourcesBuildPhase;
			buildActionMask = 2147483647;
			files = (
				144F3C1B1E09D928009A45D2 /* Date+Helpers.swift in Sources */,
				14A10F5C1E0D339D00A2D098 /* SunCalc.swift in Sources */,
				144F3C181E09D90F009A45D2 /* MessageGenerator.swift in Sources */,
				14507A7C1E09F9AF0032F0AF /* MessageTests.swift in Sources */,
				144F3C151E09D908009A45D2 /* MessageGeneratorTests.swift in Sources */,
				14507A791E09F8C60032F0AF /* Message.swift in Sources */,
				144F3C161E09D908009A45D2 /* SunPhaseTests.swift in Sources */,
				144F3C171E09D908009A45D2 /* SunriseSet+HelperTests.swift in Sources */,
				14F37F931E0D554700005101 /* SunCalcTests.swift in Sources */,
				146EE0461E1BC40200F08A13 /* Date+HelperTests.swift in Sources */,
			);
			runOnlyForDeploymentPostprocessing = 0;
		};
/* End PBXSourcesBuildPhase section */

/* Begin PBXVariantGroup section */
		146E279F1BCD51F200959BBA /* LaunchScreen.xib */ = {
			isa = PBXVariantGroup;
			children = (
				146E27A01BCD51F200959BBA /* Base */,
			);
			name = LaunchScreen.xib;
			sourceTree = "<group>";
		};
/* End PBXVariantGroup section */

/* Begin XCBuildConfiguration section */
		146E27971BCD51C800959BBA /* Debug */ = {
			isa = XCBuildConfiguration;
			buildSettings = {
				ALWAYS_EMBED_SWIFT_STANDARD_LIBRARIES = "$(inherited)";
				ASSETCATALOG_COMPILER_APPICON_NAME = AppIcon;
				DEBUG_INFORMATION_FORMAT = dwarf;
				DEVELOPMENT_TEAM = 29X3GG489T;
				FRAMEWORK_SEARCH_PATHS = (
					"$(inherited)",
					"$(PROJECT_DIR)/Carthage/Build/iOS",
				);
				INFOPLIST_FILE = iOS/Resources/Info.plist;
				IPHONEOS_DEPLOYMENT_TARGET = 9.0;
				LD_RUNPATH_SEARCH_PATHS = "$(inherited) @executable_path/Frameworks";
				PRODUCT_BUNDLE_IDENTIFIER = com.bakkenbaeck.daylight;
				PRODUCT_NAME = "$(TARGET_NAME)";
				SWIFT_VERSION = 3.0;
			};
			name = Debug;
		};
		146E27981BCD51C800959BBA /* Release */ = {
			isa = XCBuildConfiguration;
			buildSettings = {
				ALWAYS_EMBED_SWIFT_STANDARD_LIBRARIES = "$(inherited)";
				ASSETCATALOG_COMPILER_APPICON_NAME = AppIcon;
				DEVELOPMENT_TEAM = 29X3GG489T;
				FRAMEWORK_SEARCH_PATHS = (
					"$(inherited)",
					"$(PROJECT_DIR)/Carthage/Build/iOS",
				);
				INFOPLIST_FILE = iOS/Resources/Info.plist;
				IPHONEOS_DEPLOYMENT_TARGET = 9.0;
				LD_RUNPATH_SEARCH_PATHS = "$(inherited) @executable_path/Frameworks";
				PRODUCT_BUNDLE_IDENTIFIER = com.bakkenbaeck.daylight;
				PRODUCT_NAME = "$(TARGET_NAME)";
				SWIFT_VERSION = 3.0;
			};
			name = Release;
		};
		147A13C41B92B9E300E52F9C /* Debug */ = {
			isa = XCBuildConfiguration;
			buildSettings = {
				ALWAYS_SEARCH_USER_PATHS = NO;
				CLANG_CXX_LANGUAGE_STANDARD = "gnu++0x";
				CLANG_CXX_LIBRARY = "libc++";
				CLANG_ENABLE_MODULES = YES;
				CLANG_ENABLE_OBJC_ARC = YES;
				CLANG_WARN_BOOL_CONVERSION = YES;
				CLANG_WARN_CONSTANT_CONVERSION = YES;
				CLANG_WARN_DIRECT_OBJC_ISA_USAGE = YES_ERROR;
				CLANG_WARN_EMPTY_BODY = YES;
				CLANG_WARN_ENUM_CONVERSION = YES;
				CLANG_WARN_INFINITE_RECURSION = YES;
				CLANG_WARN_INT_CONVERSION = YES;
				CLANG_WARN_OBJC_ROOT_CLASS = YES_ERROR;
				CLANG_WARN_SUSPICIOUS_MOVE = YES;
				CLANG_WARN_UNREACHABLE_CODE = YES;
				CLANG_WARN__DUPLICATE_METHOD_MATCH = YES;
				"CODE_SIGN_IDENTITY[sdk=iphoneos*]" = "iPhone Developer";
				COPY_PHASE_STRIP = NO;
				DEBUG_INFORMATION_FORMAT = "dwarf-with-dsym";
				ENABLE_STRICT_OBJC_MSGSEND = YES;
				ENABLE_TESTABILITY = YES;
				GCC_C_LANGUAGE_STANDARD = gnu99;
				GCC_DYNAMIC_NO_PIC = NO;
				GCC_NO_COMMON_BLOCKS = YES;
				GCC_OPTIMIZATION_LEVEL = 0;
				GCC_PREPROCESSOR_DEFINITIONS = (
					"DEBUG=1",
					"$(inherited)",
				);
				GCC_SYMBOLS_PRIVATE_EXTERN = NO;
				GCC_WARN_64_TO_32_BIT_CONVERSION = YES;
				GCC_WARN_ABOUT_RETURN_TYPE = YES_ERROR;
				GCC_WARN_UNDECLARED_SELECTOR = YES;
				GCC_WARN_UNINITIALIZED_AUTOS = YES_AGGRESSIVE;
				GCC_WARN_UNUSED_FUNCTION = YES;
				GCC_WARN_UNUSED_VARIABLE = YES;
				IPHONEOS_DEPLOYMENT_TARGET = 9.0;
				MTL_ENABLE_DEBUG_INFO = YES;
				ONLY_ACTIVE_ARCH = YES;
				SDKROOT = iphoneos;
				SWIFT_OPTIMIZATION_LEVEL = "-Onone";
			};
			name = Debug;
		};
		147A13C51B92B9E300E52F9C /* Release */ = {
			isa = XCBuildConfiguration;
			buildSettings = {
				ALWAYS_SEARCH_USER_PATHS = NO;
				CLANG_CXX_LANGUAGE_STANDARD = "gnu++0x";
				CLANG_CXX_LIBRARY = "libc++";
				CLANG_ENABLE_MODULES = YES;
				CLANG_ENABLE_OBJC_ARC = YES;
				CLANG_WARN_BOOL_CONVERSION = YES;
				CLANG_WARN_CONSTANT_CONVERSION = YES;
				CLANG_WARN_DIRECT_OBJC_ISA_USAGE = YES_ERROR;
				CLANG_WARN_EMPTY_BODY = YES;
				CLANG_WARN_ENUM_CONVERSION = YES;
				CLANG_WARN_INFINITE_RECURSION = YES;
				CLANG_WARN_INT_CONVERSION = YES;
				CLANG_WARN_OBJC_ROOT_CLASS = YES_ERROR;
				CLANG_WARN_SUSPICIOUS_MOVE = YES;
				CLANG_WARN_UNREACHABLE_CODE = YES;
				CLANG_WARN__DUPLICATE_METHOD_MATCH = YES;
				"CODE_SIGN_IDENTITY[sdk=iphoneos*]" = "iPhone Developer";
				COPY_PHASE_STRIP = NO;
				DEBUG_INFORMATION_FORMAT = "dwarf-with-dsym";
				ENABLE_NS_ASSERTIONS = NO;
				ENABLE_STRICT_OBJC_MSGSEND = YES;
				GCC_C_LANGUAGE_STANDARD = gnu99;
				GCC_NO_COMMON_BLOCKS = YES;
				GCC_WARN_64_TO_32_BIT_CONVERSION = YES;
				GCC_WARN_ABOUT_RETURN_TYPE = YES_ERROR;
				GCC_WARN_UNDECLARED_SELECTOR = YES;
				GCC_WARN_UNINITIALIZED_AUTOS = YES_AGGRESSIVE;
				GCC_WARN_UNUSED_FUNCTION = YES;
				GCC_WARN_UNUSED_VARIABLE = YES;
				IPHONEOS_DEPLOYMENT_TARGET = 9.0;
				MTL_ENABLE_DEBUG_INFO = NO;
				SDKROOT = iphoneos;
				SWIFT_OPTIMIZATION_LEVEL = "-Owholemodule";
				VALIDATE_PRODUCT = YES;
			};
			name = Release;
		};
		148312911B92C11500266943 /* Debug */ = {
			isa = XCBuildConfiguration;
			buildSettings = {
				ALWAYS_EMBED_SWIFT_STANDARD_LIBRARIES = "$(inherited)";
				DEVELOPMENT_TEAM = "";
				FRAMEWORK_SEARCH_PATHS = (
					"$(SDKROOT)/Developer/Library/Frameworks",
					"$(inherited)",
					"$(PROJECT_DIR)/Carthage/Build/iOS",
				);
				GCC_PREPROCESSOR_DEFINITIONS = (
					"DEBUG=1",
					"$(inherited)",
				);
				INFOPLIST_FILE = Tests/Info.plist;
				LD_RUNPATH_SEARCH_PATHS = "$(inherited) @executable_path/Frameworks @loader_path/Frameworks";
				PRODUCT_BUNDLE_IDENTIFIER = "com.rename.$(PRODUCT_NAME:rfc1034identifier)";
				PRODUCT_NAME = "$(TARGET_NAME)";
				SWIFT_VERSION = 3.0;
			};
			name = Debug;
		};
		148312921B92C11500266943 /* Release */ = {
			isa = XCBuildConfiguration;
			buildSettings = {
				ALWAYS_EMBED_SWIFT_STANDARD_LIBRARIES = "$(inherited)";
				DEVELOPMENT_TEAM = "";
				FRAMEWORK_SEARCH_PATHS = (
					"$(SDKROOT)/Developer/Library/Frameworks",
					"$(inherited)",
					"$(PROJECT_DIR)/Carthage/Build/iOS",
				);
				INFOPLIST_FILE = Tests/Info.plist;
				LD_RUNPATH_SEARCH_PATHS = "$(inherited) @executable_path/Frameworks @loader_path/Frameworks";
				PRODUCT_BUNDLE_IDENTIFIER = "com.rename.$(PRODUCT_NAME:rfc1034identifier)";
				PRODUCT_NAME = "$(TARGET_NAME)";
				SWIFT_VERSION = 3.0;
			};
			name = Release;
		};
/* End XCBuildConfiguration section */

/* Begin XCConfigurationList section */
		146E27961BCD51C800959BBA /* Build configuration list for PBXNativeTarget "iOS" */ = {
			isa = XCConfigurationList;
			buildConfigurations = (
				146E27971BCD51C800959BBA /* Debug */,
				146E27981BCD51C800959BBA /* Release */,
			);
			defaultConfigurationIsVisible = 0;
			defaultConfigurationName = Release;
		};
		147A139F1B92B9E300E52F9C /* Build configuration list for PBXProject "Project" */ = {
			isa = XCConfigurationList;
			buildConfigurations = (
				147A13C41B92B9E300E52F9C /* Debug */,
				147A13C51B92B9E300E52F9C /* Release */,
			);
			defaultConfigurationIsVisible = 0;
			defaultConfigurationName = Release;
		};
		148312931B92C11500266943 /* Build configuration list for PBXNativeTarget "Tests" */ = {
			isa = XCConfigurationList;
			buildConfigurations = (
				148312911B92C11500266943 /* Debug */,
				148312921B92C11500266943 /* Release */,
			);
			defaultConfigurationIsVisible = 0;
			defaultConfigurationName = Release;
		};
/* End XCConfigurationList section */
	};
	rootObject = 147A139C1B92B9E300E52F9C /* Project object */;
}
