// !$*UTF8*$!
{
	archiveVersion = 1;
	classes = {
	};
	objectVersion = 52;
	objects = {

/* Begin PBXBuildFile section */
		141E1D1C1E3B719C0037B45D /* Oslo.gpx in Resources */ = {isa = PBXBuildFile; fileRef = 141E1D1B1E3B719C0037B45D /* Oslo.gpx */; };
		1432419B1E1BF4D9000E6950 /* UIScreen+Helpers.swift in Sources */ = {isa = PBXBuildFile; fileRef = 1432419A1E1BF4D9000E6950 /* UIScreen+Helpers.swift */; };
		143D3B221DE9D3E0003F77B9 /* Theme.swift in Sources */ = {isa = PBXBuildFile; fileRef = 143D3B1F1DE9D3E0003F77B9 /* Theme.swift */; };
		143D3B261DE9D3F3003F77B9 /* AppDelegate.swift in Sources */ = {isa = PBXBuildFile; fileRef = 143D3B241DE9D3F3003F77B9 /* AppDelegate.swift */; };
		143D3B271DE9D3F3003F77B9 /* MainViewController.swift in Sources */ = {isa = PBXBuildFile; fileRef = 143D3B251DE9D3F3003F77B9 /* MainViewController.swift */; };
		143D3B291DE9D434003F77B9 /* LocationTracker.swift in Sources */ = {isa = PBXBuildFile; fileRef = 143D3B281DE9D434003F77B9 /* LocationTracker.swift */; };
		14507A781E09F8C60032F0AF /* Message.swift in Sources */ = {isa = PBXBuildFile; fileRef = 14507A771E09F8C60032F0AF /* Message.swift */; };
		146AE9AD1E08B050003EE788 /* Date+Helpers.swift in Sources */ = {isa = PBXBuildFile; fileRef = 146AE9AC1E08B050003EE788 /* Date+Helpers.swift */; };
		146E27A91BCD51F200959BBA /* LaunchScreen.xib in Resources */ = {isa = PBXBuildFile; fileRef = 146E279F1BCD51F200959BBA /* LaunchScreen.xib */; };
		146E27AA1BCD51F200959BBA /* Images.xcassets in Resources */ = {isa = PBXBuildFile; fileRef = 146E27A11BCD51F200959BBA /* Images.xcassets */; };
		14A10F581E0D336E00A2D098 /* suncalc.js in Resources */ = {isa = PBXBuildFile; fileRef = 14A10F571E0D336E00A2D098 /* suncalc.js */; };
		14A10F5B1E0D339D00A2D098 /* SunTime.swift in Sources */ = {isa = PBXBuildFile; fileRef = 14A10F5A1E0D339D00A2D098 /* SunTime.swift */; };
		14A3E1781E09E6BF002F0D6C /* Settings.swift in Sources */ = {isa = PBXBuildFile; fileRef = 14A3E1771E09E6BF002F0D6C /* Settings.swift */; };
		44227E8F1E067A1E002B911B /* Location.swift in Sources */ = {isa = PBXBuildFile; fileRef = 44227E8E1E067A1E002B911B /* Location.swift */; };
		9F21822D2561B33700E4CAA7 /* suncalc.js in Resources */ = {isa = PBXBuildFile; fileRef = 14A10F571E0D336E00A2D098 /* suncalc.js */; };
		9F34126725F561F200381BA8 /* SunView.swift in Sources */ = {isa = PBXBuildFile; fileRef = D197B54C8E75BC3669A5BD10 /* SunView.swift */; };
		9F34127225F5687300381BA8 /* Images.xcassets in Resources */ = {isa = PBXBuildFile; fileRef = 146E27A11BCD51F200959BBA /* Images.xcassets */; };
		9F3C5C7D2561D5D90032EBB1 /* Localizable.stringsdict in Resources */ = {isa = PBXBuildFile; fileRef = E657B30E21593091000E1C6F /* Localizable.stringsdict */; };
		9F40BFF525532247007B0C87 /* Assets.xcassets in Resources */ = {isa = PBXBuildFile; fileRef = 9F40BFF425532247007B0C87 /* Assets.xcassets */; };
		9F40BFF925532247007B0C87 /* DaylightWidgetExtension.appex in Embed App Extensions */ = {isa = PBXBuildFile; fileRef = 9F40BFEC25532247007B0C87 /* DaylightWidgetExtension.appex */; settings = {ATTRIBUTES = (RemoveHeadersOnCopy, ); }; };
		9F40C00A25533AA0007B0C87 /* SunTime.swift in Sources */ = {isa = PBXBuildFile; fileRef = 14A10F5A1E0D339D00A2D098 /* SunTime.swift */; };
		9F40C00B25533AA0007B0C87 /* Date+Helpers.swift in Sources */ = {isa = PBXBuildFile; fileRef = 146AE9AC1E08B050003EE788 /* Date+Helpers.swift */; };
		9F40C00C25533AA0007B0C87 /* String + Helpers.swift in Sources */ = {isa = PBXBuildFile; fileRef = D197BB965AB7D0E7EC42A89D /* String + Helpers.swift */; };
		9F40C00D25533AA0007B0C87 /* Theme.swift in Sources */ = {isa = PBXBuildFile; fileRef = 143D3B1F1DE9D3E0003F77B9 /* Theme.swift */; };
		9F40C00E25533AA0007B0C87 /* Notifier.swift in Sources */ = {isa = PBXBuildFile; fileRef = D197BBC3EDBF4CA099642BCE /* Notifier.swift */; };
		9F40C00F25533AA0007B0C87 /* Location.swift in Sources */ = {isa = PBXBuildFile; fileRef = 44227E8E1E067A1E002B911B /* Location.swift */; };
		9F40C01025533AA0007B0C87 /* DaylightModelController.swift in Sources */ = {isa = PBXBuildFile; fileRef = D197B1F36B473A0B1BAD021D /* DaylightModelController.swift */; };
		9F40C01125533AA0007B0C87 /* SunCalcEngine.swift in Sources */ = {isa = PBXBuildFile; fileRef = D197B7CA2B823834F1266457 /* SunCalcEngine.swift */; };
		9F40C01325533AA0007B0C87 /* Message.swift in Sources */ = {isa = PBXBuildFile; fileRef = 14507A771E09F8C60032F0AF /* Message.swift */; };
		9F40C01525533AA0007B0C87 /* Numbers+Time.swift in Sources */ = {isa = PBXBuildFile; fileRef = 9FFFCA4B2003ABEE0060F86F /* Numbers+Time.swift */; };
		9F40C01625533AA0007B0C87 /* Settings.swift in Sources */ = {isa = PBXBuildFile; fileRef = 14A3E1771E09E6BF002F0D6C /* Settings.swift */; };
		9F40C01725533AA0007B0C87 /* FNVHash.swift in Sources */ = {isa = PBXBuildFile; fileRef = D197BD0F150956F37CAE048A /* FNVHash.swift */; };
		9F8273EC2606004C007A4472 /* WidgetLocationManager.swift in Sources */ = {isa = PBXBuildFile; fileRef = 9F8273EB2606004C007A4472 /* WidgetLocationManager.swift */; };
		9F89DBB9267E498C00765278 /* TinyConstraints in Frameworks */ = {isa = PBXBuildFile; productRef = 9F89DBB8267E498C00765278 /* TinyConstraints */; };
		9FA5B69025F58FB9001F6770 /* SweetSwift in Frameworks */ = {isa = PBXBuildFile; productRef = 9FA5B68F25F58FB9001F6770 /* SweetSwift */; };
		9FA5B69225F58FC0001F6770 /* SweetUIKit in Frameworks */ = {isa = PBXBuildFile; productRef = 9FA5B69125F58FC0001F6770 /* SweetUIKit */; };
		9FA5B69625F58FF0001F6770 /* SweetSwift in Frameworks */ = {isa = PBXBuildFile; productRef = 9FA5B69525F58FF0001F6770 /* SweetSwift */; };
		9FA5B69825F58FF5001F6770 /* SweetUIKit in Frameworks */ = {isa = PBXBuildFile; productRef = 9FA5B69725F58FF5001F6770 /* SweetUIKit */; };
		9FA5B6B825F5930E001F6770 /* TinyConstraints in Frameworks */ = {isa = PBXBuildFile; productRef = 9FA5B6B725F5930E001F6770 /* TinyConstraints */; };
		9FA5B6D225F59E1C001F6770 /* WidgetTextView.swift in Sources */ = {isa = PBXBuildFile; fileRef = 9FA5B6D125F59E1C001F6770 /* WidgetTextView.swift */; };
		9FB172F92602A8960005C05B /* DaylightWidget.swift in Sources */ = {isa = PBXBuildFile; fileRef = 9F40BFF225532247007B0C87 /* DaylightWidget.swift */; };
		9FFFCA45200384530060F86F /* MessageGenerationTests.swift in Sources */ = {isa = PBXBuildFile; fileRef = 1483128D1B92C11500266943 /* MessageGenerationTests.swift */; };
		9FFFCA46200384530060F86F /* SunCalcTests.swift in Sources */ = {isa = PBXBuildFile; fileRef = 14F37F921E0D554700005101 /* SunCalcTests.swift */; };
		9FFFCA47200384530060F86F /* SunPhaseTests.swift in Sources */ = {isa = PBXBuildFile; fileRef = 14E6F3C91E08735200F9C3F6 /* SunPhaseTests.swift */; };
		9FFFCA48200384530060F86F /* SunriseSet+HelperTests.swift in Sources */ = {isa = PBXBuildFile; fileRef = 144D8CEA1E089D6C0036FD4B /* SunriseSet+HelperTests.swift */; };
		9FFFCA49200384530060F86F /* MessageTests.swift in Sources */ = {isa = PBXBuildFile; fileRef = 14507A7B1E09F9AF0032F0AF /* MessageTests.swift */; };
		9FFFCA4A200384530060F86F /* Date+HelperTests.swift in Sources */ = {isa = PBXBuildFile; fileRef = 146EE0451E1BC40200F08A13 /* Date+HelperTests.swift */; };
		9FFFCA4C2003ABEE0060F86F /* Numbers+Time.swift in Sources */ = {isa = PBXBuildFile; fileRef = 9FFFCA4B2003ABEE0060F86F /* Numbers+Time.swift */; };
		D197B2A38145C1C1E03EC48D /* String + Helpers.swift in Sources */ = {isa = PBXBuildFile; fileRef = D197BB965AB7D0E7EC42A89D /* String + Helpers.swift */; };
		D197B46B597F265ED1413F86 /* DaylightModelController.swift in Sources */ = {isa = PBXBuildFile; fileRef = D197B1F36B473A0B1BAD021D /* DaylightModelController.swift */; };
		D197B46D7347610F78A77888 /* SunCalcEngine.swift in Sources */ = {isa = PBXBuildFile; fileRef = D197B7CA2B823834F1266457 /* SunCalcEngine.swift */; };
		D197B5A6D4413DEF81D6B469 /* FNVHash.swift in Sources */ = {isa = PBXBuildFile; fileRef = D197BD0F150956F37CAE048A /* FNVHash.swift */; };
		D197B9F3E7C85A89377CBAAA /* Notifier.swift in Sources */ = {isa = PBXBuildFile; fileRef = D197BBC3EDBF4CA099642BCE /* Notifier.swift */; };
		D197BE076EECA92FE99E8CAB /* SunView.swift in Sources */ = {isa = PBXBuildFile; fileRef = D197B54C8E75BC3669A5BD10 /* SunView.swift */; };
		D197BEFA484503CDFB2E2D77 /* OnboardingViewController.swift in Sources */ = {isa = PBXBuildFile; fileRef = D197B19D546DE1806562CAC8 /* OnboardingViewController.swift */; };
		E6266327215D6B2600ED14A2 /* PULL_REQUEST_TEMPLATE.md in Resources */ = {isa = PBXBuildFile; fileRef = E6266326215D6B2600ED14A2 /* PULL_REQUEST_TEMPLATE.md */; };
		E657B30B21593091000E1C6F /* Localizable.stringsdict in Resources */ = {isa = PBXBuildFile; fileRef = E657B30E21593091000E1C6F /* Localizable.stringsdict */; };
		E6D9D5071E02D7970007006D /* InformationButton.swift in Sources */ = {isa = PBXBuildFile; fileRef = E6D9D5061E02D7970007006D /* InformationButton.swift */; };
		E6E337AE1E044AD600787E88 /* InformationViewController.swift in Sources */ = {isa = PBXBuildFile; fileRef = E6E337AD1E044AD600787E88 /* InformationViewController.swift */; };
		E6F604701E08106000A6461A /* CloseButton.swift in Sources */ = {isa = PBXBuildFile; fileRef = E6F6046F1E08106000A6461A /* CloseButton.swift */; };
/* End PBXBuildFile section */

/* Begin PBXContainerItemProxy section */
		9F40BFF725532247007B0C87 /* PBXContainerItemProxy */ = {
			isa = PBXContainerItemProxy;
			containerPortal = 147A139C1B92B9E300E52F9C /* Project object */;
			proxyType = 1;
			remoteGlobalIDString = 9F40BFEB25532247007B0C87;
			remoteInfo = DaylightWidgetExtension;
		};
		9FFFCA40200384390060F86F /* PBXContainerItemProxy */ = {
			isa = PBXContainerItemProxy;
			containerPortal = 147A139C1B92B9E300E52F9C /* Project object */;
			proxyType = 1;
			remoteGlobalIDString = 146E27881BCD51C800959BBA;
			remoteInfo = Daylight;
		};
/* End PBXContainerItemProxy section */

/* Begin PBXCopyFilesBuildPhase section */
		0387E4DF1E58F2E10029E7CF /* Embed App Extensions */ = {
			isa = PBXCopyFilesBuildPhase;
			buildActionMask = 2147483647;
			dstPath = "";
			dstSubfolderSpec = 13;
			files = (
				9F40BFF925532247007B0C87 /* DaylightWidgetExtension.appex in Embed App Extensions */,
			);
			name = "Embed App Extensions";
			runOnlyForDeploymentPostprocessing = 0;
		};
/* End PBXCopyFilesBuildPhase section */

/* Begin PBXFileReference section */
		1418DB881E08A8BF0041C201 /* Suntimes.framework */ = {isa = PBXFileReference; lastKnownFileType = wrapper.framework; name = Suntimes.framework; path = Carthage/Build/iOS/Suntimes.framework; sourceTree = "<group>"; };
		141E1D1B1E3B719C0037B45D /* Oslo.gpx */ = {isa = PBXFileReference; fileEncoding = 4; lastKnownFileType = text.xml; path = Oslo.gpx; sourceTree = "<group>"; };
		1432419A1E1BF4D9000E6950 /* UIScreen+Helpers.swift */ = {isa = PBXFileReference; fileEncoding = 4; lastKnownFileType = sourcecode.swift; path = "UIScreen+Helpers.swift"; sourceTree = "<group>"; };
		143D3B1F1DE9D3E0003F77B9 /* Theme.swift */ = {isa = PBXFileReference; fileEncoding = 4; lastKnownFileType = sourcecode.swift; path = Theme.swift; sourceTree = "<group>"; };
		143D3B241DE9D3F3003F77B9 /* AppDelegate.swift */ = {isa = PBXFileReference; fileEncoding = 4; lastKnownFileType = sourcecode.swift; path = AppDelegate.swift; sourceTree = "<group>"; };
		143D3B251DE9D3F3003F77B9 /* MainViewController.swift */ = {isa = PBXFileReference; fileEncoding = 4; lastKnownFileType = sourcecode.swift; path = MainViewController.swift; sourceTree = "<group>"; };
		143D3B281DE9D434003F77B9 /* LocationTracker.swift */ = {isa = PBXFileReference; fileEncoding = 4; lastKnownFileType = sourcecode.swift; path = LocationTracker.swift; sourceTree = "<group>"; };
		144D8CEA1E089D6C0036FD4B /* SunriseSet+HelperTests.swift */ = {isa = PBXFileReference; fileEncoding = 4; lastKnownFileType = sourcecode.swift; path = "SunriseSet+HelperTests.swift"; sourceTree = "<group>"; };
		14507A771E09F8C60032F0AF /* Message.swift */ = {isa = PBXFileReference; fileEncoding = 4; lastKnownFileType = sourcecode.swift; path = Message.swift; sourceTree = "<group>"; };
		14507A7B1E09F9AF0032F0AF /* MessageTests.swift */ = {isa = PBXFileReference; fileEncoding = 4; lastKnownFileType = sourcecode.swift; path = MessageTests.swift; sourceTree = "<group>"; };
		146AE9AC1E08B050003EE788 /* Date+Helpers.swift */ = {isa = PBXFileReference; fileEncoding = 4; lastKnownFileType = sourcecode.swift; path = "Date+Helpers.swift"; sourceTree = "<group>"; };
		146E27891BCD51C800959BBA /* Daylight.app */ = {isa = PBXFileReference; explicitFileType = wrapper.application; includeInIndex = 0; path = Daylight.app; sourceTree = BUILT_PRODUCTS_DIR; };
		146E27A01BCD51F200959BBA /* Base */ = {isa = PBXFileReference; lastKnownFileType = file.xib; name = Base; path = Base.lproj/LaunchScreen.xib; sourceTree = "<group>"; };
		146E27A11BCD51F200959BBA /* Images.xcassets */ = {isa = PBXFileReference; lastKnownFileType = folder.assetcatalog; path = Images.xcassets; sourceTree = "<group>"; };
		146E27A21BCD51F200959BBA /* Info.plist */ = {isa = PBXFileReference; fileEncoding = 4; lastKnownFileType = text.plist.xml; path = Info.plist; sourceTree = "<group>"; };
		146EE0451E1BC40200F08A13 /* Date+HelperTests.swift */ = {isa = PBXFileReference; fileEncoding = 4; lastKnownFileType = sourcecode.swift; path = "Date+HelperTests.swift"; sourceTree = "<group>"; };
		1483128C1B92C11500266943 /* Info.plist */ = {isa = PBXFileReference; lastKnownFileType = text.plist.xml; path = Info.plist; sourceTree = "<group>"; };
		1483128D1B92C11500266943 /* MessageGenerationTests.swift */ = {isa = PBXFileReference; lastKnownFileType = sourcecode.swift; path = MessageGenerationTests.swift; sourceTree = "<group>"; };
		14A10F571E0D336E00A2D098 /* suncalc.js */ = {isa = PBXFileReference; fileEncoding = 4; lastKnownFileType = sourcecode.javascript; path = suncalc.js; sourceTree = "<group>"; };
		14A10F5A1E0D339D00A2D098 /* SunTime.swift */ = {isa = PBXFileReference; fileEncoding = 4; lastKnownFileType = sourcecode.swift; path = SunTime.swift; sourceTree = "<group>"; };
		14A3E1771E09E6BF002F0D6C /* Settings.swift */ = {isa = PBXFileReference; fileEncoding = 4; lastKnownFileType = sourcecode.swift; path = Settings.swift; sourceTree = "<group>"; };
		14E6F3C91E08735200F9C3F6 /* SunPhaseTests.swift */ = {isa = PBXFileReference; fileEncoding = 4; lastKnownFileType = sourcecode.swift; path = SunPhaseTests.swift; sourceTree = "<group>"; };
		14F37F921E0D554700005101 /* SunCalcTests.swift */ = {isa = PBXFileReference; fileEncoding = 4; lastKnownFileType = sourcecode.swift; path = SunCalcTests.swift; sourceTree = "<group>"; };
		44227E8E1E067A1E002B911B /* Location.swift */ = {isa = PBXFileReference; fileEncoding = 4; lastKnownFileType = sourcecode.swift; path = Location.swift; sourceTree = "<group>"; };
		9F40BFEC25532247007B0C87 /* DaylightWidgetExtension.appex */ = {isa = PBXFileReference; explicitFileType = "wrapper.app-extension"; includeInIndex = 0; path = DaylightWidgetExtension.appex; sourceTree = BUILT_PRODUCTS_DIR; };
		9F40BFF225532247007B0C87 /* DaylightWidget.swift */ = {isa = PBXFileReference; fileEncoding = 4; lastKnownFileType = sourcecode.swift; path = DaylightWidget.swift; sourceTree = "<group>"; };
		9F40BFF425532247007B0C87 /* Assets.xcassets */ = {isa = PBXFileReference; lastKnownFileType = folder.assetcatalog; path = Assets.xcassets; sourceTree = "<group>"; };
		9F40BFF625532247007B0C87 /* Info.plist */ = {isa = PBXFileReference; lastKnownFileType = text.plist.xml; path = Info.plist; sourceTree = "<group>"; };
		9F8273EB2606004C007A4472 /* WidgetLocationManager.swift */ = {isa = PBXFileReference; lastKnownFileType = sourcecode.swift; path = WidgetLocationManager.swift; sourceTree = "<group>"; };
		9FA5B6D125F59E1C001F6770 /* WidgetTextView.swift */ = {isa = PBXFileReference; lastKnownFileType = sourcecode.swift; path = WidgetTextView.swift; sourceTree = "<group>"; };
		9FFFCA3B200384390060F86F /* Tests.xctest */ = {isa = PBXFileReference; explicitFileType = wrapper.cfbundle; includeInIndex = 0; path = Tests.xctest; sourceTree = BUILT_PRODUCTS_DIR; };
		9FFFCA4B2003ABEE0060F86F /* Numbers+Time.swift */ = {isa = PBXFileReference; lastKnownFileType = sourcecode.swift; path = "Numbers+Time.swift"; sourceTree = "<group>"; };
		D197B19D546DE1806562CAC8 /* OnboardingViewController.swift */ = {isa = PBXFileReference; fileEncoding = 4; lastKnownFileType = sourcecode.swift; path = OnboardingViewController.swift; sourceTree = "<group>"; };
		D197B1F36B473A0B1BAD021D /* DaylightModelController.swift */ = {isa = PBXFileReference; fileEncoding = 4; lastKnownFileType = sourcecode.swift; path = DaylightModelController.swift; sourceTree = "<group>"; };
		D197B54C8E75BC3669A5BD10 /* SunView.swift */ = {isa = PBXFileReference; fileEncoding = 4; lastKnownFileType = sourcecode.swift; path = SunView.swift; sourceTree = "<group>"; };
		D197B7CA2B823834F1266457 /* SunCalcEngine.swift */ = {isa = PBXFileReference; fileEncoding = 4; lastKnownFileType = sourcecode.swift; path = SunCalcEngine.swift; sourceTree = "<group>"; };
		D197BB965AB7D0E7EC42A89D /* String + Helpers.swift */ = {isa = PBXFileReference; fileEncoding = 4; lastKnownFileType = sourcecode.swift; path = "String + Helpers.swift"; sourceTree = "<group>"; };
		D197BBC3EDBF4CA099642BCE /* Notifier.swift */ = {isa = PBXFileReference; fileEncoding = 4; lastKnownFileType = sourcecode.swift; path = Notifier.swift; sourceTree = "<group>"; };
		D197BD0F150956F37CAE048A /* FNVHash.swift */ = {isa = PBXFileReference; fileEncoding = 4; lastKnownFileType = sourcecode.swift; path = FNVHash.swift; sourceTree = "<group>"; };
		E6266326215D6B2600ED14A2 /* PULL_REQUEST_TEMPLATE.md */ = {isa = PBXFileReference; fileEncoding = 4; lastKnownFileType = net.daringfireball.markdown; name = PULL_REQUEST_TEMPLATE.md; path = .github/PULL_REQUEST_TEMPLATE.md; sourceTree = SOURCE_ROOT; };
		E657B30D21593091000E1C6F /* en */ = {isa = PBXFileReference; lastKnownFileType = text.plist.stringsdict; name = en; path = en.lproj/Localizable.stringsdict; sourceTree = "<group>"; };
		E6D9D5061E02D7970007006D /* InformationButton.swift */ = {isa = PBXFileReference; fileEncoding = 4; lastKnownFileType = sourcecode.swift; path = InformationButton.swift; sourceTree = "<group>"; };
		E6E337AD1E044AD600787E88 /* InformationViewController.swift */ = {isa = PBXFileReference; fileEncoding = 4; lastKnownFileType = sourcecode.swift; path = InformationViewController.swift; sourceTree = "<group>"; };
		E6F6046F1E08106000A6461A /* CloseButton.swift */ = {isa = PBXFileReference; fileEncoding = 4; lastKnownFileType = sourcecode.swift; path = CloseButton.swift; sourceTree = "<group>"; };
/* End PBXFileReference section */

/* Begin PBXFrameworksBuildPhase section */
		146E27861BCD51C800959BBA /* Frameworks */ = {
			isa = PBXFrameworksBuildPhase;
			buildActionMask = 2147483647;
			files = (
				9FA5B69025F58FB9001F6770 /* SweetSwift in Frameworks */,
				9FA5B69225F58FC0001F6770 /* SweetUIKit in Frameworks */,
				9F89DBB9267E498C00765278 /* TinyConstraints in Frameworks */,
			);
			runOnlyForDeploymentPostprocessing = 0;
		};
		9F40BFE925532247007B0C87 /* Frameworks */ = {
			isa = PBXFrameworksBuildPhase;
			buildActionMask = 2147483647;
			files = (
				9FA5B69625F58FF0001F6770 /* SweetSwift in Frameworks */,
				9FA5B69825F58FF5001F6770 /* SweetUIKit in Frameworks */,
				9FA5B6B825F5930E001F6770 /* TinyConstraints in Frameworks */,
			);
			runOnlyForDeploymentPostprocessing = 0;
		};
		9FFFCA38200384390060F86F /* Frameworks */ = {
			isa = PBXFrameworksBuildPhase;
			buildActionMask = 2147483647;
			files = (
			);
			runOnlyForDeploymentPostprocessing = 0;
		};
/* End PBXFrameworksBuildPhase section */

/* Begin PBXGroup section */
		1418DB8A1E08A8C70041C201 /* Test Frameworks */ = {
			isa = PBXGroup;
			children = (
				1418DB881E08A8BF0041C201 /* Suntimes.framework */,
			);
			name = "Test Frameworks";
			sourceTree = "<group>";
		};
		141A6FD31BDE2DAB00CB6E82 /* Library */ = {
			isa = PBXGroup;
			children = (
				E6266326215D6B2600ED14A2 /* PULL_REQUEST_TEMPLATE.md */,
				14A10F571E0D336E00A2D098 /* suncalc.js */,
				143D3B1F1DE9D3E0003F77B9 /* Theme.swift */,
				9FFFCA4B2003ABEE0060F86F /* Numbers+Time.swift */,
				143D3B281DE9D434003F77B9 /* LocationTracker.swift */,
				44227E8E1E067A1E002B911B /* Location.swift */,
				146AE9AC1E08B050003EE788 /* Date+Helpers.swift */,
				D197BBC3EDBF4CA099642BCE /* Notifier.swift */,
				14A3E1771E09E6BF002F0D6C /* Settings.swift */,
				14507A771E09F8C60032F0AF /* Message.swift */,
				14A10F5A1E0D339D00A2D098 /* SunTime.swift */,
				1432419A1E1BF4D9000E6950 /* UIScreen+Helpers.swift */,
				D197BD0F150956F37CAE048A /* FNVHash.swift */,
				D197BB965AB7D0E7EC42A89D /* String + Helpers.swift */,
				D197B1F36B473A0B1BAD021D /* DaylightModelController.swift */,
				D197B7CA2B823834F1266457 /* SunCalcEngine.swift */,
			);
			path = Library;
			sourceTree = "<group>";
		};
		146E278A1BCD51C800959BBA /* iOS */ = {
			isa = PBXGroup;
			children = (
				146E279E1BCD51F200959BBA /* Resources */,
				146E27A31BCD51F200959BBA /* Source */,
			);
			path = iOS;
			sourceTree = "<group>";
		};
		146E279E1BCD51F200959BBA /* Resources */ = {
			isa = PBXGroup;
			children = (
				141E1D1B1E3B719C0037B45D /* Oslo.gpx */,
				146E279F1BCD51F200959BBA /* LaunchScreen.xib */,
				146E27A11BCD51F200959BBA /* Images.xcassets */,
				146E27A21BCD51F200959BBA /* Info.plist */,
				E657B30E21593091000E1C6F /* Localizable.stringsdict */,
			);
			path = Resources;
			sourceTree = "<group>";
		};
		146E27A31BCD51F200959BBA /* Source */ = {
			isa = PBXGroup;
			children = (
				143D3B241DE9D3F3003F77B9 /* AppDelegate.swift */,
				143D3B251DE9D3F3003F77B9 /* MainViewController.swift */,
				E6E337AD1E044AD600787E88 /* InformationViewController.swift */,
				E6D9D5061E02D7970007006D /* InformationButton.swift */,
				E6F6046F1E08106000A6461A /* CloseButton.swift */,
				D197B54C8E75BC3669A5BD10 /* SunView.swift */,
				D197B19D546DE1806562CAC8 /* OnboardingViewController.swift */,
			);
			path = Source;
			sourceTree = "<group>";
		};
		147A139B1B92B9E300E52F9C = {
			isa = PBXGroup;
			children = (
				141A6FD31BDE2DAB00CB6E82 /* Library */,
				146E278A1BCD51C800959BBA /* iOS */,
				1483128A1B92C11500266943 /* Tests */,
				9F40BFF125532247007B0C87 /* DaylightWidget */,
				147A13A51B92B9E300E52F9C /* Products */,
				1418DB8A1E08A8C70041C201 /* Test Frameworks */,
				9FA5B6A825F59225001F6770 /* Frameworks */,
			);
			sourceTree = "<group>";
		};
		147A13A51B92B9E300E52F9C /* Products */ = {
			isa = PBXGroup;
			children = (
				146E27891BCD51C800959BBA /* Daylight.app */,
				9FFFCA3B200384390060F86F /* Tests.xctest */,
				9F40BFEC25532247007B0C87 /* DaylightWidgetExtension.appex */,
			);
			name = Products;
			sourceTree = "<group>";
		};
		1483128A1B92C11500266943 /* Tests */ = {
			isa = PBXGroup;
			children = (
				1483128D1B92C11500266943 /* MessageGenerationTests.swift */,
				14F37F921E0D554700005101 /* SunCalcTests.swift */,
				14E6F3C91E08735200F9C3F6 /* SunPhaseTests.swift */,
				144D8CEA1E089D6C0036FD4B /* SunriseSet+HelperTests.swift */,
				14507A7B1E09F9AF0032F0AF /* MessageTests.swift */,
				1483128C1B92C11500266943 /* Info.plist */,
				146EE0451E1BC40200F08A13 /* Date+HelperTests.swift */,
			);
			path = Tests;
			sourceTree = "<group>";
		};
		9F40BFF125532247007B0C87 /* DaylightWidget */ = {
			isa = PBXGroup;
			children = (
				9F40BFF225532247007B0C87 /* DaylightWidget.swift */,
				9F40BFF425532247007B0C87 /* Assets.xcassets */,
				9F40BFF625532247007B0C87 /* Info.plist */,
				9FA5B6D125F59E1C001F6770 /* WidgetTextView.swift */,
				9F8273EB2606004C007A4472 /* WidgetLocationManager.swift */,
			);
			path = DaylightWidget;
			sourceTree = "<group>";
		};
		9FA5B6A825F59225001F6770 /* Frameworks */ = {
			isa = PBXGroup;
			children = (
			);
			name = Frameworks;
			sourceTree = "<group>";
		};
/* End PBXGroup section */

/* Begin PBXNativeTarget section */
		146E27881BCD51C800959BBA /* Daylight */ = {
			isa = PBXNativeTarget;
			buildConfigurationList = 146E27961BCD51C800959BBA /* Build configuration list for PBXNativeTarget "Daylight" */;
			buildPhases = (
				146E27851BCD51C800959BBA /* Sources */,
				146E27861BCD51C800959BBA /* Frameworks */,
				146E27871BCD51C800959BBA /* Resources */,
				14425E4A1C96FED200F0FAD1 /* Highlight TODOs, FIXMEs and WARNINGs */,
				0387E4DF1E58F2E10029E7CF /* Embed App Extensions */,
			);
			buildRules = (
			);
			dependencies = (
				9F40BFF825532247007B0C87 /* PBXTargetDependency */,
			);
			name = Daylight;
			packageProductDependencies = (
				9FA5B68F25F58FB9001F6770 /* SweetSwift */,
				9FA5B69125F58FC0001F6770 /* SweetUIKit */,
				9F89DBB8267E498C00765278 /* TinyConstraints */,
			);
			productName = iOS;
			productReference = 146E27891BCD51C800959BBA /* Daylight.app */;
			productType = "com.apple.product-type.application";
		};
		9F40BFEB25532247007B0C87 /* DaylightWidgetExtension */ = {
			isa = PBXNativeTarget;
			buildConfigurationList = 9F40BFFA25532247007B0C87 /* Build configuration list for PBXNativeTarget "DaylightWidgetExtension" */;
			buildPhases = (
				9F40BFE825532247007B0C87 /* Sources */,
				9F40BFE925532247007B0C87 /* Frameworks */,
				9F40BFEA25532247007B0C87 /* Resources */,
			);
			buildRules = (
			);
			dependencies = (
			);
			name = DaylightWidgetExtension;
			packageProductDependencies = (
				9FA5B69525F58FF0001F6770 /* SweetSwift */,
				9FA5B69725F58FF5001F6770 /* SweetUIKit */,
				9FA5B6B725F5930E001F6770 /* TinyConstraints */,
			);
			productName = DaylightWidgetExtension;
			productReference = 9F40BFEC25532247007B0C87 /* DaylightWidgetExtension.appex */;
			productType = "com.apple.product-type.app-extension";
		};
		9FFFCA3A200384390060F86F /* Tests */ = {
			isa = PBXNativeTarget;
			buildConfigurationList = 9FFFCA42200384390060F86F /* Build configuration list for PBXNativeTarget "Tests" */;
			buildPhases = (
				9FFFCA37200384390060F86F /* Sources */,
				9FFFCA38200384390060F86F /* Frameworks */,
				9FFFCA39200384390060F86F /* Resources */,
			);
			buildRules = (
			);
			dependencies = (
				9FFFCA41200384390060F86F /* PBXTargetDependency */,
			);
			name = Tests;
			productName = Tests;
			productReference = 9FFFCA3B200384390060F86F /* Tests.xctest */;
			productType = "com.apple.product-type.bundle.unit-test";
		};
/* End PBXNativeTarget section */

/* Begin PBXProject section */
		147A139C1B92B9E300E52F9C /* Project object */ = {
			isa = PBXProject;
			attributes = {
				DefaultBuildSystemTypeForWorkspace = Latest;
				LastSwiftMigration = 0700;
				LastSwiftUpdateCheck = 1210;
				LastUpgradeCheck = 1210;
				ORGANIZATIONNAME = "";
				TargetAttributes = {
					146E27881BCD51C800959BBA = {
						CreatedOnToolsVersion = 7.0.1;
						LastSwiftMigration = 1210;
					};
					9F40BFEB25532247007B0C87 = {
						CreatedOnToolsVersion = 12.1;
						DevelopmentTeam = 29X3GG489T;
						ProvisioningStyle = Automatic;
					};
					9FFFCA3A200384390060F86F = {
						CreatedOnToolsVersion = 9.2;
						DevelopmentTeam = 29X3GG489T;
						LastSwiftMigration = 1240;
						ProvisioningStyle = Automatic;
						TestTargetID = 146E27881BCD51C800959BBA;
					};
				};
			};
			buildConfigurationList = 147A139F1B92B9E300E52F9C /* Build configuration list for PBXProject "Daylight" */;
			compatibilityVersion = "Xcode 3.2";
			developmentRegion = en;
			hasScannedForEncodings = 0;
			knownRegions = (
				en,
				Base,
			);
			mainGroup = 147A139B1B92B9E300E52F9C;
			packageReferences = (
				9FA5B68125F58F55001F6770 /* XCRemoteSwiftPackageReference "SweetSwift" */,
				9FA5B68525F58F6C001F6770 /* XCRemoteSwiftPackageReference "TinyConstraints" */,
				9FA5B68925F58F98001F6770 /* XCRemoteSwiftPackageReference "SweetUIKit" */,
			);
			productRefGroup = 147A13A51B92B9E300E52F9C /* Products */;
			projectDirPath = "";
			projectRoot = "";
			targets = (
				146E27881BCD51C800959BBA /* Daylight */,
				9FFFCA3A200384390060F86F /* Tests */,
				9F40BFEB25532247007B0C87 /* DaylightWidgetExtension */,
			);
		};
/* End PBXProject section */

/* Begin PBXResourcesBuildPhase section */
		146E27871BCD51C800959BBA /* Resources */ = {
			isa = PBXResourcesBuildPhase;
			buildActionMask = 2147483647;
			files = (
				141E1D1C1E3B719C0037B45D /* Oslo.gpx in Resources */,
				146E27AA1BCD51F200959BBA /* Images.xcassets in Resources */,
				146E27A91BCD51F200959BBA /* LaunchScreen.xib in Resources */,
				E6266327215D6B2600ED14A2 /* PULL_REQUEST_TEMPLATE.md in Resources */,
				14A10F581E0D336E00A2D098 /* suncalc.js in Resources */,
				E657B30B21593091000E1C6F /* Localizable.stringsdict in Resources */,
			);
			runOnlyForDeploymentPostprocessing = 0;
		};
		9F40BFEA25532247007B0C87 /* Resources */ = {
			isa = PBXResourcesBuildPhase;
			buildActionMask = 2147483647;
			files = (
				9F21822D2561B33700E4CAA7 /* suncalc.js in Resources */,
				9F34127225F5687300381BA8 /* Images.xcassets in Resources */,
				9F40BFF525532247007B0C87 /* Assets.xcassets in Resources */,
				9F3C5C7D2561D5D90032EBB1 /* Localizable.stringsdict in Resources */,
			);
			runOnlyForDeploymentPostprocessing = 0;
		};
		9FFFCA39200384390060F86F /* Resources */ = {
			isa = PBXResourcesBuildPhase;
			buildActionMask = 2147483647;
			files = (
			);
			runOnlyForDeploymentPostprocessing = 0;
		};
/* End PBXResourcesBuildPhase section */

/* Begin PBXShellScriptBuildPhase section */
		14425E4A1C96FED200F0FAD1 /* Highlight TODOs, FIXMEs and WARNINGs */ = {
			isa = PBXShellScriptBuildPhase;
			buildActionMask = 2147483647;
			files = (
			);
			inputPaths = (
			);
			name = "Highlight TODOs, FIXMEs and WARNINGs";
			outputPaths = (
			);
			runOnlyForDeploymentPostprocessing = 0;
			shellPath = /bin/sh;
			shellScript = "if [ \"${CONFIGURATION}\" = \"Debug\" ]; then\nTAGS=\"\\/\\/ TODO:|\\/\\/ FIXME:|\\/\\/ WARNING:\"\necho \"searching ${SRCROOT} for ${TAGS}\"\nfind \"${SRCROOT}\" \\( -name \"*.swift\" \\) -print0 | xargs -0 egrep --with-filename --line-number --only-matching \"($TAGS).*\\$\" | perl -p -e \"s/($TAGS)/ warning: \\$1/\"\nfi\n";
		};
/* End PBXShellScriptBuildPhase section */

/* Begin PBXSourcesBuildPhase section */
		146E27851BCD51C800959BBA /* Sources */ = {
			isa = PBXSourcesBuildPhase;
			buildActionMask = 2147483647;
			files = (
				143D3B261DE9D3F3003F77B9 /* AppDelegate.swift in Sources */,
				143D3B271DE9D3F3003F77B9 /* MainViewController.swift in Sources */,
				44227E8F1E067A1E002B911B /* Location.swift in Sources */,
				146AE9AD1E08B050003EE788 /* Date+Helpers.swift in Sources */,
				143D3B221DE9D3E0003F77B9 /* Theme.swift in Sources */,
				E6E337AE1E044AD600787E88 /* InformationViewController.swift in Sources */,
				E6F604701E08106000A6461A /* CloseButton.swift in Sources */,
				14A3E1781E09E6BF002F0D6C /* Settings.swift in Sources */,
				E6D9D5071E02D7970007006D /* InformationButton.swift in Sources */,
				14A10F5B1E0D339D00A2D098 /* SunTime.swift in Sources */,
				143D3B291DE9D434003F77B9 /* LocationTracker.swift in Sources */,
				14507A781E09F8C60032F0AF /* Message.swift in Sources */,
				9FFFCA4C2003ABEE0060F86F /* Numbers+Time.swift in Sources */,
				1432419B1E1BF4D9000E6950 /* UIScreen+Helpers.swift in Sources */,
				D197B9F3E7C85A89377CBAAA /* Notifier.swift in Sources */,
				D197B5A6D4413DEF81D6B469 /* FNVHash.swift in Sources */,
				D197B2A38145C1C1E03EC48D /* String + Helpers.swift in Sources */,
				D197BE076EECA92FE99E8CAB /* SunView.swift in Sources */,
				D197B46B597F265ED1413F86 /* DaylightModelController.swift in Sources */,
				D197BEFA484503CDFB2E2D77 /* OnboardingViewController.swift in Sources */,
				D197B46D7347610F78A77888 /* SunCalcEngine.swift in Sources */,
			);
			runOnlyForDeploymentPostprocessing = 0;
		};
		9F40BFE825532247007B0C87 /* Sources */ = {
			isa = PBXSourcesBuildPhase;
			buildActionMask = 2147483647;
			files = (
				9F40C01525533AA0007B0C87 /* Numbers+Time.swift in Sources */,
				9F40C01725533AA0007B0C87 /* FNVHash.swift in Sources */,
				9F40C00E25533AA0007B0C87 /* Notifier.swift in Sources */,
				9F8273EC2606004C007A4472 /* WidgetLocationManager.swift in Sources */,
				9FB172F92602A8960005C05B /* DaylightWidget.swift in Sources */,
				9F40C01625533AA0007B0C87 /* Settings.swift in Sources */,
				9F40C00B25533AA0007B0C87 /* Date+Helpers.swift in Sources */,
				9F40C01125533AA0007B0C87 /* SunCalcEngine.swift in Sources */,
				9F40C01025533AA0007B0C87 /* DaylightModelController.swift in Sources */,
				9FA5B6D225F59E1C001F6770 /* WidgetTextView.swift in Sources */,
				9F40C00D25533AA0007B0C87 /* Theme.swift in Sources */,
				9F40C01325533AA0007B0C87 /* Message.swift in Sources */,
				9F40C00C25533AA0007B0C87 /* String + Helpers.swift in Sources */,
				9F40C00A25533AA0007B0C87 /* SunTime.swift in Sources */,
				9F40C00F25533AA0007B0C87 /* Location.swift in Sources */,
				9F34126725F561F200381BA8 /* SunView.swift in Sources */,
			);
			runOnlyForDeploymentPostprocessing = 0;
		};
		9FFFCA37200384390060F86F /* Sources */ = {
			isa = PBXSourcesBuildPhase;
			buildActionMask = 2147483647;
			files = (
				9FFFCA45200384530060F86F /* MessageGenerationTests.swift in Sources */,
				9FFFCA46200384530060F86F /* SunCalcTests.swift in Sources */,
				9FFFCA47200384530060F86F /* SunPhaseTests.swift in Sources */,
				9FFFCA48200384530060F86F /* SunriseSet+HelperTests.swift in Sources */,
				9FFFCA49200384530060F86F /* MessageTests.swift in Sources */,
				9FFFCA4A200384530060F86F /* Date+HelperTests.swift in Sources */,
			);
			runOnlyForDeploymentPostprocessing = 0;
		};
/* End PBXSourcesBuildPhase section */

/* Begin PBXTargetDependency section */
		9F40BFF825532247007B0C87 /* PBXTargetDependency */ = {
			isa = PBXTargetDependency;
			target = 9F40BFEB25532247007B0C87 /* DaylightWidgetExtension */;
			targetProxy = 9F40BFF725532247007B0C87 /* PBXContainerItemProxy */;
		};
		9FFFCA41200384390060F86F /* PBXTargetDependency */ = {
			isa = PBXTargetDependency;
			target = 146E27881BCD51C800959BBA /* Daylight */;
			targetProxy = 9FFFCA40200384390060F86F /* PBXContainerItemProxy */;
		};
/* End PBXTargetDependency section */

/* Begin PBXVariantGroup section */
		146E279F1BCD51F200959BBA /* LaunchScreen.xib */ = {
			isa = PBXVariantGroup;
			children = (
				146E27A01BCD51F200959BBA /* Base */,
			);
			name = LaunchScreen.xib;
			sourceTree = "<group>";
		};
		E657B30E21593091000E1C6F /* Localizable.stringsdict */ = {
			isa = PBXVariantGroup;
			children = (
				E657B30D21593091000E1C6F /* en */,
			);
			name = Localizable.stringsdict;
			sourceTree = "<group>";
		};
/* End PBXVariantGroup section */

/* Begin XCBuildConfiguration section */
		146E27971BCD51C800959BBA /* Debug */ = {
			isa = XCBuildConfiguration;
			buildSettings = {
				ALWAYS_EMBED_SWIFT_STANDARD_LIBRARIES = YES;
				ASSETCATALOG_COMPILER_APPICON_NAME = AppIcon;
				CODE_SIGN_IDENTITY = "Apple Development";
				CODE_SIGN_STYLE = Automatic;
				CURRENT_PROJECT_VERSION = 58;
				DEBUG_INFORMATION_FORMAT = dwarf;
				DEVELOPMENT_TEAM = 29X3GG489T;
				INFOPLIST_FILE = iOS/Resources/Info.plist;
				IPHONEOS_DEPLOYMENT_TARGET = 14.1;
				LD_RUNPATH_SEARCH_PATHS = (
					"$(inherited)",
					"@executable_path/Frameworks",
				);
				MARKETING_VERSION = 1.9.0;
				PRODUCT_BUNDLE_IDENTIFIER = com.bakkenbaeck.daylight;
				PRODUCT_NAME = "$(TARGET_NAME)";
				PROVISIONING_PROFILE_SPECIFIER = "";
				SWIFT_VERSION = 5.0;
				USER_HEADER_SEARCH_PATHS = "\"${PROJECT_DIR}/../SunViewPlayground\"/**";
			};
			name = Debug;
		};
		146E27981BCD51C800959BBA /* Release */ = {
			isa = XCBuildConfiguration;
			buildSettings = {
				ALWAYS_EMBED_SWIFT_STANDARD_LIBRARIES = YES;
				ASSETCATALOG_COMPILER_APPICON_NAME = AppIcon;
				CODE_SIGN_IDENTITY = "Apple Development";
				CODE_SIGN_STYLE = Automatic;
				CURRENT_PROJECT_VERSION = 58;
				DEVELOPMENT_TEAM = 29X3GG489T;
				INFOPLIST_FILE = iOS/Resources/Info.plist;
				IPHONEOS_DEPLOYMENT_TARGET = 14.1;
				LD_RUNPATH_SEARCH_PATHS = (
					"$(inherited)",
					"@executable_path/Frameworks",
				);
				MARKETING_VERSION = 1.9.0;
				PRODUCT_BUNDLE_IDENTIFIER = com.bakkenbaeck.daylight;
				PRODUCT_NAME = "$(TARGET_NAME)";
				PROVISIONING_PROFILE_SPECIFIER = "";
				SWIFT_VERSION = 5.0;
				USER_HEADER_SEARCH_PATHS = "\"${PROJECT_DIR}/../SunViewPlayground\"/**";
			};
			name = Release;
		};
		147A13C41B92B9E300E52F9C /* Debug */ = {
			isa = XCBuildConfiguration;
			buildSettings = {
				ALWAYS_SEARCH_USER_PATHS = NO;
				APPLICATION_EXTENSION_API_ONLY = NO;
				CLANG_ANALYZER_LOCALIZABILITY_NONLOCALIZED = YES;
				CLANG_CXX_LANGUAGE_STANDARD = "gnu++0x";
				CLANG_CXX_LIBRARY = "libc++";
				CLANG_ENABLE_MODULES = YES;
				CLANG_ENABLE_OBJC_ARC = YES;
				CLANG_WARN_BLOCK_CAPTURE_AUTORELEASING = YES;
				CLANG_WARN_BOOL_CONVERSION = YES;
				CLANG_WARN_COMMA = YES;
				CLANG_WARN_CONSTANT_CONVERSION = YES;
				CLANG_WARN_DEPRECATED_OBJC_IMPLEMENTATIONS = YES;
				CLANG_WARN_DIRECT_OBJC_ISA_USAGE = YES_ERROR;
				CLANG_WARN_EMPTY_BODY = YES;
				CLANG_WARN_ENUM_CONVERSION = YES;
				CLANG_WARN_INFINITE_RECURSION = YES;
				CLANG_WARN_INT_CONVERSION = YES;
				CLANG_WARN_NON_LITERAL_NULL_CONVERSION = YES;
				CLANG_WARN_OBJC_IMPLICIT_RETAIN_SELF = YES;
				CLANG_WARN_OBJC_LITERAL_CONVERSION = YES;
				CLANG_WARN_OBJC_ROOT_CLASS = YES_ERROR;
				CLANG_WARN_QUOTED_INCLUDE_IN_FRAMEWORK_HEADER = YES;
				CLANG_WARN_RANGE_LOOP_ANALYSIS = YES;
				CLANG_WARN_STRICT_PROTOTYPES = YES;
				CLANG_WARN_SUSPICIOUS_MOVE = YES;
				CLANG_WARN_UNREACHABLE_CODE = YES;
				CLANG_WARN__DUPLICATE_METHOD_MATCH = YES;
				"CODE_SIGN_IDENTITY[sdk=iphoneos*]" = "iPhone Developer";
				COPY_PHASE_STRIP = NO;
				DEBUG_INFORMATION_FORMAT = "dwarf-with-dsym";
				ENABLE_STRICT_OBJC_MSGSEND = YES;
				ENABLE_TESTABILITY = YES;
				GCC_C_LANGUAGE_STANDARD = gnu99;
				GCC_DYNAMIC_NO_PIC = NO;
				GCC_NO_COMMON_BLOCKS = YES;
				GCC_OPTIMIZATION_LEVEL = 0;
				GCC_PREPROCESSOR_DEFINITIONS = (
					"DEBUG=1",
					"$(inherited)",
				);
				GCC_SYMBOLS_PRIVATE_EXTERN = NO;
				GCC_WARN_64_TO_32_BIT_CONVERSION = YES;
				GCC_WARN_ABOUT_RETURN_TYPE = YES_ERROR;
				GCC_WARN_UNDECLARED_SELECTOR = YES;
				GCC_WARN_UNINITIALIZED_AUTOS = YES_AGGRESSIVE;
				GCC_WARN_UNUSED_FUNCTION = YES;
				GCC_WARN_UNUSED_VARIABLE = YES;
				IPHONEOS_DEPLOYMENT_TARGET = 14.1;
				MTL_ENABLE_DEBUG_INFO = YES;
				ONLY_ACTIVE_ARCH = YES;
				SDKROOT = iphoneos;
				SWIFT_OPTIMIZATION_LEVEL = "-Onone";
			};
			name = Debug;
		};
		147A13C51B92B9E300E52F9C /* Release */ = {
			isa = XCBuildConfiguration;
			buildSettings = {
				ALWAYS_SEARCH_USER_PATHS = NO;
				APPLICATION_EXTENSION_API_ONLY = NO;
				CLANG_ANALYZER_LOCALIZABILITY_NONLOCALIZED = YES;
				CLANG_CXX_LANGUAGE_STANDARD = "gnu++0x";
				CLANG_CXX_LIBRARY = "libc++";
				CLANG_ENABLE_MODULES = YES;
				CLANG_ENABLE_OBJC_ARC = YES;
				CLANG_WARN_BLOCK_CAPTURE_AUTORELEASING = YES;
				CLANG_WARN_BOOL_CONVERSION = YES;
				CLANG_WARN_COMMA = YES;
				CLANG_WARN_CONSTANT_CONVERSION = YES;
				CLANG_WARN_DEPRECATED_OBJC_IMPLEMENTATIONS = YES;
				CLANG_WARN_DIRECT_OBJC_ISA_USAGE = YES_ERROR;
				CLANG_WARN_EMPTY_BODY = YES;
				CLANG_WARN_ENUM_CONVERSION = YES;
				CLANG_WARN_INFINITE_RECURSION = YES;
				CLANG_WARN_INT_CONVERSION = YES;
				CLANG_WARN_NON_LITERAL_NULL_CONVERSION = YES;
				CLANG_WARN_OBJC_IMPLICIT_RETAIN_SELF = YES;
				CLANG_WARN_OBJC_LITERAL_CONVERSION = YES;
				CLANG_WARN_OBJC_ROOT_CLASS = YES_ERROR;
				CLANG_WARN_QUOTED_INCLUDE_IN_FRAMEWORK_HEADER = YES;
				CLANG_WARN_RANGE_LOOP_ANALYSIS = YES;
				CLANG_WARN_STRICT_PROTOTYPES = YES;
				CLANG_WARN_SUSPICIOUS_MOVE = YES;
				CLANG_WARN_UNREACHABLE_CODE = YES;
				CLANG_WARN__DUPLICATE_METHOD_MATCH = YES;
				"CODE_SIGN_IDENTITY[sdk=iphoneos*]" = "iPhone Developer";
				COPY_PHASE_STRIP = NO;
				DEBUG_INFORMATION_FORMAT = "dwarf-with-dsym";
				ENABLE_NS_ASSERTIONS = NO;
				ENABLE_STRICT_OBJC_MSGSEND = YES;
				GCC_C_LANGUAGE_STANDARD = gnu99;
				GCC_NO_COMMON_BLOCKS = YES;
				GCC_WARN_64_TO_32_BIT_CONVERSION = YES;
				GCC_WARN_ABOUT_RETURN_TYPE = YES_ERROR;
				GCC_WARN_UNDECLARED_SELECTOR = YES;
				GCC_WARN_UNINITIALIZED_AUTOS = YES_AGGRESSIVE;
				GCC_WARN_UNUSED_FUNCTION = YES;
				GCC_WARN_UNUSED_VARIABLE = YES;
				IPHONEOS_DEPLOYMENT_TARGET = 14.1;
				MTL_ENABLE_DEBUG_INFO = NO;
				SDKROOT = iphoneos;
				SWIFT_COMPILATION_MODE = wholemodule;
				SWIFT_OPTIMIZATION_LEVEL = "-O";
				VALIDATE_PRODUCT = YES;
			};
			name = Release;
		};
		9F40BFFB25532247007B0C87 /* Debug */ = {
			isa = XCBuildConfiguration;
			buildSettings = {
				APPLICATION_EXTENSION_API_ONLY = YES;
				ASSETCATALOG_COMPILER_GLOBAL_ACCENT_COLOR_NAME = AccentColor;
				ASSETCATALOG_COMPILER_WIDGET_BACKGROUND_COLOR_NAME = WidgetBackground;
				CLANG_ANALYZER_NONNULL = YES;
				CLANG_ANALYZER_NUMBER_OBJECT_CONVERSION = YES_AGGRESSIVE;
				CLANG_CXX_LANGUAGE_STANDARD = "gnu++14";
				CLANG_ENABLE_OBJC_WEAK = YES;
				CLANG_WARN_DOCUMENTATION_COMMENTS = YES;
				CLANG_WARN_UNGUARDED_AVAILABILITY = YES_AGGRESSIVE;
				CODE_SIGN_STYLE = Automatic;
				CURRENT_PROJECT_VERSION = 58;
				DEBUG_INFORMATION_FORMAT = dwarf;
				DEVELOPMENT_TEAM = 29X3GG489T;
				GCC_C_LANGUAGE_STANDARD = gnu11;
				INFOPLIST_FILE = DaylightWidget/Info.plist;
				IPHONEOS_DEPLOYMENT_TARGET = 14.1;
				LD_RUNPATH_SEARCH_PATHS = (
					"$(inherited)",
					"@executable_path/Frameworks",
					"@executable_path/../../Frameworks",
				);
				MARKETING_VERSION = 1.9.0;
				MTL_ENABLE_DEBUG_INFO = INCLUDE_SOURCE;
				MTL_FAST_MATH = YES;
				PRODUCT_BUNDLE_IDENTIFIER = com.bakkenbaeck.daylight.widget;
				PRODUCT_NAME = "$(TARGET_NAME)";
				SKIP_INSTALL = YES;
				SWIFT_ACTIVE_COMPILATION_CONDITIONS = DEBUG;
				SWIFT_VERSION = 5.0;
				TARGETED_DEVICE_FAMILY = "1,2";
			};
			name = Debug;
		};
		9F40BFFC25532247007B0C87 /* Release */ = {
			isa = XCBuildConfiguration;
			buildSettings = {
				APPLICATION_EXTENSION_API_ONLY = YES;
				ASSETCATALOG_COMPILER_GLOBAL_ACCENT_COLOR_NAME = AccentColor;
				ASSETCATALOG_COMPILER_WIDGET_BACKGROUND_COLOR_NAME = WidgetBackground;
				CLANG_ANALYZER_NONNULL = YES;
				CLANG_ANALYZER_NUMBER_OBJECT_CONVERSION = YES_AGGRESSIVE;
				CLANG_CXX_LANGUAGE_STANDARD = "gnu++14";
				CLANG_ENABLE_OBJC_WEAK = YES;
				CLANG_WARN_DOCUMENTATION_COMMENTS = YES;
				CLANG_WARN_UNGUARDED_AVAILABILITY = YES_AGGRESSIVE;
				CODE_SIGN_STYLE = Automatic;
				CURRENT_PROJECT_VERSION = 58;
				DEVELOPMENT_TEAM = 29X3GG489T;
				GCC_C_LANGUAGE_STANDARD = gnu11;
				INFOPLIST_FILE = DaylightWidget/Info.plist;
				IPHONEOS_DEPLOYMENT_TARGET = 14.1;
				LD_RUNPATH_SEARCH_PATHS = (
					"$(inherited)",
					"@executable_path/Frameworks",
					"@executable_path/../../Frameworks",
				);
				MARKETING_VERSION = 1.9.0;
				MTL_FAST_MATH = YES;
				PRODUCT_BUNDLE_IDENTIFIER = com.bakkenbaeck.daylight.widget;
				PRODUCT_NAME = "$(TARGET_NAME)";
				SKIP_INSTALL = YES;
				SWIFT_VERSION = 5.0;
				TARGETED_DEVICE_FAMILY = "1,2";
			};
			name = Release;
		};
		9FFFCA43200384390060F86F /* Debug */ = {
			isa = XCBuildConfiguration;
			buildSettings = {
				BUNDLE_LOADER = "$(TEST_HOST)";
				CLANG_ANALYZER_NONNULL = YES;
				CLANG_ANALYZER_NUMBER_OBJECT_CONVERSION = YES_AGGRESSIVE;
				CLANG_CXX_LANGUAGE_STANDARD = "gnu++14";
				CLANG_WARN_DOCUMENTATION_COMMENTS = YES;
				CLANG_WARN_UNGUARDED_AVAILABILITY = YES_AGGRESSIVE;
				CODE_SIGN_IDENTITY = "iPhone Developer";
				CODE_SIGN_STYLE = Automatic;
				DEBUG_INFORMATION_FORMAT = dwarf;
				DEVELOPMENT_TEAM = 29X3GG489T;
				GCC_C_LANGUAGE_STANDARD = gnu11;
				INFOPLIST_FILE = Tests/Info.plist;
				IPHONEOS_DEPLOYMENT_TARGET = 14.1;
				LD_RUNPATH_SEARCH_PATHS = (
					"$(inherited)",
					"@executable_path/Frameworks",
					"@loader_path/Frameworks",
				);
				PRODUCT_BUNDLE_IDENTIFIER = no.bakkenbaeck.Tests;
				PRODUCT_NAME = "$(TARGET_NAME)";
				SWIFT_ACTIVE_COMPILATION_CONDITIONS = DEBUG;
				SWIFT_VERSION = 5.0;
				TARGETED_DEVICE_FAMILY = "1,2";
				TEST_HOST = "$(BUILT_PRODUCTS_DIR)/Daylight.app/Daylight";
			};
			name = Debug;
		};
		9FFFCA44200384390060F86F /* Release */ = {
			isa = XCBuildConfiguration;
			buildSettings = {
				BUNDLE_LOADER = "$(TEST_HOST)";
				CLANG_ANALYZER_NONNULL = YES;
				CLANG_ANALYZER_NUMBER_OBJECT_CONVERSION = YES_AGGRESSIVE;
				CLANG_CXX_LANGUAGE_STANDARD = "gnu++14";
				CLANG_WARN_DOCUMENTATION_COMMENTS = YES;
				CLANG_WARN_UNGUARDED_AVAILABILITY = YES_AGGRESSIVE;
				CODE_SIGN_IDENTITY = "iPhone Developer";
				CODE_SIGN_STYLE = Automatic;
				DEVELOPMENT_TEAM = 29X3GG489T;
				GCC_C_LANGUAGE_STANDARD = gnu11;
				INFOPLIST_FILE = Tests/Info.plist;
				IPHONEOS_DEPLOYMENT_TARGET = 14.1;
				LD_RUNPATH_SEARCH_PATHS = (
					"$(inherited)",
					"@executable_path/Frameworks",
					"@loader_path/Frameworks",
				);
				PRODUCT_BUNDLE_IDENTIFIER = no.bakkenbaeck.Tests;
				PRODUCT_NAME = "$(TARGET_NAME)";
				SWIFT_VERSION = 5.0;
				TARGETED_DEVICE_FAMILY = "1,2";
				TEST_HOST = "$(BUILT_PRODUCTS_DIR)/Daylight.app/Daylight";
			};
			name = Release;
		};
/* End XCBuildConfiguration section */

/* Begin XCConfigurationList section */
		146E27961BCD51C800959BBA /* Build configuration list for PBXNativeTarget "Daylight" */ = {
			isa = XCConfigurationList;
			buildConfigurations = (
				146E27971BCD51C800959BBA /* Debug */,
				146E27981BCD51C800959BBA /* Release */,
			);
			defaultConfigurationIsVisible = 0;
			defaultConfigurationName = Release;
		};
		147A139F1B92B9E300E52F9C /* Build configuration list for PBXProject "Daylight" */ = {
			isa = XCConfigurationList;
			buildConfigurations = (
				147A13C41B92B9E300E52F9C /* Debug */,
				147A13C51B92B9E300E52F9C /* Release */,
			);
			defaultConfigurationIsVisible = 0;
			defaultConfigurationName = Release;
		};
		9F40BFFA25532247007B0C87 /* Build configuration list for PBXNativeTarget "DaylightWidgetExtension" */ = {
			isa = XCConfigurationList;
			buildConfigurations = (
				9F40BFFB25532247007B0C87 /* Debug */,
				9F40BFFC25532247007B0C87 /* Release */,
			);
			defaultConfigurationIsVisible = 0;
			defaultConfigurationName = Release;
		};
		9FFFCA42200384390060F86F /* Build configuration list for PBXNativeTarget "Tests" */ = {
			isa = XCConfigurationList;
			buildConfigurations = (
				9FFFCA43200384390060F86F /* Debug */,
				9FFFCA44200384390060F86F /* Release */,
			);
			defaultConfigurationIsVisible = 0;
			defaultConfigurationName = Release;
		};
/* End XCConfigurationList section */

/* Begin XCRemoteSwiftPackageReference section */
		9FA5B68125F58F55001F6770 /* XCRemoteSwiftPackageReference "SweetSwift" */ = {
			isa = XCRemoteSwiftPackageReference;
			repositoryURL = "https://github.com/bakkenbaeck/SweetSwift";
			requirement = {
				branch = master;
				kind = branch;
			};
		};
		9FA5B68525F58F6C001F6770 /* XCRemoteSwiftPackageReference "TinyConstraints" */ = {
			isa = XCRemoteSwiftPackageReference;
			repositoryURL = "https://github.com/roberthein/TinyConstraints";
			requirement = {
				branch = master;
				kind = branch;
			};
		};
		9FA5B68925F58F98001F6770 /* XCRemoteSwiftPackageReference "SweetUIKit" */ = {
			isa = XCRemoteSwiftPackageReference;
			repositoryURL = "https://github.com/bakkenbaeck/SweetUIKit";
			requirement = {
				branch = master;
				kind = branch;
			};
		};
/* End XCRemoteSwiftPackageReference section */

/* Begin XCSwiftPackageProductDependency section */
		9F89DBB8267E498C00765278 /* TinyConstraints */ = {
			isa = XCSwiftPackageProductDependency;
			package = 9FA5B68525F58F6C001F6770 /* XCRemoteSwiftPackageReference "TinyConstraints" */;
			productName = TinyConstraints;
		};
		9FA5B68F25F58FB9001F6770 /* SweetSwift */ = {
			isa = XCSwiftPackageProductDependency;
			package = 9FA5B68125F58F55001F6770 /* XCRemoteSwiftPackageReference "SweetSwift" */;
			productName = SweetSwift;
		};
		9FA5B69125F58FC0001F6770 /* SweetUIKit */ = {
			isa = XCSwiftPackageProductDependency;
			package = 9FA5B68925F58F98001F6770 /* XCRemoteSwiftPackageReference "SweetUIKit" */;
			productName = SweetUIKit;
		};
		9FA5B69525F58FF0001F6770 /* SweetSwift */ = {
			isa = XCSwiftPackageProductDependency;
			package = 9FA5B68125F58F55001F6770 /* XCRemoteSwiftPackageReference "SweetSwift" */;
			productName = SweetSwift;
		};
		9FA5B69725F58FF5001F6770 /* SweetUIKit */ = {
			isa = XCSwiftPackageProductDependency;
			package = 9FA5B68925F58F98001F6770 /* XCRemoteSwiftPackageReference "SweetUIKit" */;
			productName = SweetUIKit;
		};
		9FA5B6B725F5930E001F6770 /* TinyConstraints */ = {
			isa = XCSwiftPackageProductDependency;
			package = 9FA5B68525F58F6C001F6770 /* XCRemoteSwiftPackageReference "TinyConstraints" */;
			productName = TinyConstraints;
		};
/* End XCSwiftPackageProductDependency section */
	};
	rootObject = 147A139C1B92B9E300E52F9C /* Project object */;
}
