// !$*UTF8*$!
{
	archiveVersion = 1;
	classes = {
	};
	objectVersion = 46;
	objects = {

/* Begin PBXBuildFile section */
		0387E4D11E58F2E10029E7CF /* NotificationCenter.framework in Frameworks */ = {isa = PBXBuildFile; fileRef = 0387E4D01E58F2E10029E7CF /* NotificationCenter.framework */; };
		0387E4D41E58F2E10029E7CF /* TodayViewController.swift in Sources */ = {isa = PBXBuildFile; fileRef = 0387E4D31E58F2E10029E7CF /* TodayViewController.swift */; };
		0387E4DB1E58F2E10029E7CF /* Today.appex in Embed App Extensions */ = {isa = PBXBuildFile; fileRef = 0387E4CF1E58F2E10029E7CF /* Today.appex */; settings = {ATTRIBUTES = (RemoveHeadersOnCopy, ); }; };
		03C6289E1E58F71F00A69F3D /* Images.xcassets in Resources */ = {isa = PBXBuildFile; fileRef = 03C6289D1E58F71F00A69F3D /* Images.xcassets */; };
		03C628A81E58FAD800A69F3D /* Theme.swift in Sources */ = {isa = PBXBuildFile; fileRef = 143D3B1F1DE9D3E0003F77B9 /* Theme.swift */; };
		03C628AF1E59A60200A69F3D /* suncalc.js in Resources */ = {isa = PBXBuildFile; fileRef = 14A10F571E0D336E00A2D098 /* suncalc.js */; };
		03C628B11E59AE8F00A69F3D /* TodayView.swift in Sources */ = {isa = PBXBuildFile; fileRef = 03C628B01E59AE8F00A69F3D /* TodayView.swift */; };
		03C628B31E59B55100A69F3D /* UIColor+Helpers.swift in Sources */ = {isa = PBXBuildFile; fileRef = 03C628B21E59B55100A69F3D /* UIColor+Helpers.swift */; };
		03C628B81E59BAD200A69F3D /* Localizable.stringsdict in Resources */ = {isa = PBXBuildFile; fileRef = E6EE8BB81E2F7170001AF195 /* Localizable.stringsdict */; };
		141E1D1C1E3B719C0037B45D /* Oslo.gpx in Resources */ = {isa = PBXBuildFile; fileRef = 141E1D1B1E3B719C0037B45D /* Oslo.gpx */; };
		1432419B1E1BF4D9000E6950 /* UIScreen+Helpers.swift in Sources */ = {isa = PBXBuildFile; fileRef = 1432419A1E1BF4D9000E6950 /* UIScreen+Helpers.swift */; };
		143D3B221DE9D3E0003F77B9 /* Theme.swift in Sources */ = {isa = PBXBuildFile; fileRef = 143D3B1F1DE9D3E0003F77B9 /* Theme.swift */; };
		143D3B261DE9D3F3003F77B9 /* AppDelegate.swift in Sources */ = {isa = PBXBuildFile; fileRef = 143D3B241DE9D3F3003F77B9 /* AppDelegate.swift */; };
		143D3B271DE9D3F3003F77B9 /* MainController.swift in Sources */ = {isa = PBXBuildFile; fileRef = 143D3B251DE9D3F3003F77B9 /* MainController.swift */; };
		143D3B291DE9D434003F77B9 /* LocationTracker.swift in Sources */ = {isa = PBXBuildFile; fileRef = 143D3B281DE9D434003F77B9 /* LocationTracker.swift */; };
		14507A781E09F8C60032F0AF /* Message.swift in Sources */ = {isa = PBXBuildFile; fileRef = 14507A771E09F8C60032F0AF /* Message.swift */; };
		146AE9AD1E08B050003EE788 /* Date+Helpers.swift in Sources */ = {isa = PBXBuildFile; fileRef = 146AE9AC1E08B050003EE788 /* Date+Helpers.swift */; };
		146E27A91BCD51F200959BBA /* LaunchScreen.xib in Resources */ = {isa = PBXBuildFile; fileRef = 146E279F1BCD51F200959BBA /* LaunchScreen.xib */; };
		146E27AA1BCD51F200959BBA /* Images.xcassets in Resources */ = {isa = PBXBuildFile; fileRef = 146E27A11BCD51F200959BBA /* Images.xcassets */; };
		148FBB6A1E07EDBE009ED9F3 /* SweetUIKit.framework in Frameworks */ = {isa = PBXBuildFile; fileRef = 148FBB691E07EDBE009ED9F3 /* SweetUIKit.framework */; };
		148FBB6B1E07EDBE009ED9F3 /* SweetUIKit.framework in Embed Frameworks */ = {isa = PBXBuildFile; fileRef = 148FBB691E07EDBE009ED9F3 /* SweetUIKit.framework */; settings = {ATTRIBUTES = (CodeSignOnCopy, RemoveHeadersOnCopy, ); }; };
		14A10F581E0D336E00A2D098 /* suncalc.js in Resources */ = {isa = PBXBuildFile; fileRef = 14A10F571E0D336E00A2D098 /* suncalc.js */; };
		14A10F5B1E0D339D00A2D098 /* SunTime.swift in Sources */ = {isa = PBXBuildFile; fileRef = 14A10F5A1E0D339D00A2D098 /* SunTime.swift */; };
		14A3E1781E09E6BF002F0D6C /* Settings.swift in Sources */ = {isa = PBXBuildFile; fileRef = 14A3E1771E09E6BF002F0D6C /* Settings.swift */; };
		14C5918D1E24082F0035AB81 /* MainView.swift in Sources */ = {isa = PBXBuildFile; fileRef = 14C5918C1E24082F0035AB81 /* MainView.swift */; };
		14C5918F1E2414ED0035AB81 /* OnboardingController.swift in Sources */ = {isa = PBXBuildFile; fileRef = 14C5918E1E2414ED0035AB81 /* OnboardingController.swift */; };
		44227E8F1E067A1E002B911B /* Location.swift in Sources */ = {isa = PBXBuildFile; fileRef = 44227E8E1E067A1E002B911B /* Location.swift */; };
		9F09E4E4203C6556000A0A0F /* LocationTracker.swift in Sources */ = {isa = PBXBuildFile; fileRef = 143D3B281DE9D434003F77B9 /* LocationTracker.swift */; };
		9F09E4E5203C6598000A0A0F /* SunTime.swift in Sources */ = {isa = PBXBuildFile; fileRef = 14A10F5A1E0D339D00A2D098 /* SunTime.swift */; };
		9F09E4E6203C66DF000A0A0F /* Date+Helpers.swift in Sources */ = {isa = PBXBuildFile; fileRef = 146AE9AC1E08B050003EE788 /* Date+Helpers.swift */; };
		9F09E4E7203C66F8000A0A0F /* Location.swift in Sources */ = {isa = PBXBuildFile; fileRef = 44227E8E1E067A1E002B911B /* Location.swift */; };
		9F09E4E8203C689A000A0A0F /* Message.swift in Sources */ = {isa = PBXBuildFile; fileRef = 14507A771E09F8C60032F0AF /* Message.swift */; };
		9F09E4E9203C6D5E000A0A0F /* FNVHash.swift in Sources */ = {isa = PBXBuildFile; fileRef = D197BD0F150956F37CAE048A /* FNVHash.swift */; };
		9F09E4EA203C6D77000A0A0F /* Numbers+Time.swift in Sources */ = {isa = PBXBuildFile; fileRef = 9FFFCA4B2003ABEE0060F86F /* Numbers+Time.swift */; };
		9F09E4EB203C6DA3000A0A0F /* String + Helpers.swift in Sources */ = {isa = PBXBuildFile; fileRef = D197BB965AB7D0E7EC42A89D /* String + Helpers.swift */; };
		9F47BA2E203323E400FB805B /* SweetSwift.framework in Frameworks */ = {isa = PBXBuildFile; fileRef = 9F47BA2D203323E400FB805B /* SweetSwift.framework */; };
		9F47BA2F203323E400FB805B /* SweetSwift.framework in Frameworks */ = {isa = PBXBuildFile; fileRef = 9F47BA2D203323E400FB805B /* SweetSwift.framework */; };
		9F47BA302033241500FB805B /* SweetSwift.framework in Embed Frameworks */ = {isa = PBXBuildFile; fileRef = 9F47BA2D203323E400FB805B /* SweetSwift.framework */; settings = {ATTRIBUTES = (CodeSignOnCopy, RemoveHeadersOnCopy, ); }; };
		9FFFCA45200384530060F86F /* MessageGenerationTests.swift in Sources */ = {isa = PBXBuildFile; fileRef = 1483128D1B92C11500266943 /* MessageGenerationTests.swift */; };
		9FFFCA46200384530060F86F /* SunCalcTests.swift in Sources */ = {isa = PBXBuildFile; fileRef = 14F37F921E0D554700005101 /* SunCalcTests.swift */; };
		9FFFCA47200384530060F86F /* SunPhaseTests.swift in Sources */ = {isa = PBXBuildFile; fileRef = 14E6F3C91E08735200F9C3F6 /* SunPhaseTests.swift */; };
		9FFFCA48200384530060F86F /* SunriseSet+HelperTests.swift in Sources */ = {isa = PBXBuildFile; fileRef = 144D8CEA1E089D6C0036FD4B /* SunriseSet+HelperTests.swift */; };
		9FFFCA49200384530060F86F /* MessageTests.swift in Sources */ = {isa = PBXBuildFile; fileRef = 14507A7B1E09F9AF0032F0AF /* MessageTests.swift */; };
		9FFFCA4A200384530060F86F /* Date+HelperTests.swift in Sources */ = {isa = PBXBuildFile; fileRef = 146EE0451E1BC40200F08A13 /* Date+HelperTests.swift */; };
		9FFFCA4C2003ABEE0060F86F /* Numbers+Time.swift in Sources */ = {isa = PBXBuildFile; fileRef = 9FFFCA4B2003ABEE0060F86F /* Numbers+Time.swift */; };
		D197B2A38145C1C1E03EC48D /* String + Helpers.swift in Sources */ = {isa = PBXBuildFile; fileRef = D197BB965AB7D0E7EC42A89D /* String + Helpers.swift */; };
		D197B46B597F265ED1413F86 /* DaylightModelController.swift in Sources */ = {isa = PBXBuildFile; fileRef = D197B1F36B473A0B1BAD021D /* DaylightModelController.swift */; };
		D197B5A6D4413DEF81D6B469 /* FNVHash.swift in Sources */ = {isa = PBXBuildFile; fileRef = D197BD0F150956F37CAE048A /* FNVHash.swift */; };
		D197B82889BF092A03FFCC2D /* DaylightModelController.swift in Sources */ = {isa = PBXBuildFile; fileRef = D197B1F36B473A0B1BAD021D /* DaylightModelController.swift */; };
		D197B9F3E7C85A89377CBAAA /* Notifier.swift in Sources */ = {isa = PBXBuildFile; fileRef = D197BBC3EDBF4CA099642BCE /* Notifier.swift */; };
		D197BE076EECA92FE99E8CAB /* SunView.swift in Sources */ = {isa = PBXBuildFile; fileRef = D197B54C8E75BC3669A5BD10 /* SunView.swift */; };
		E6D9D5071E02D7970007006D /* InformationButton.swift in Sources */ = {isa = PBXBuildFile; fileRef = E6D9D5061E02D7970007006D /* InformationButton.swift */; };
		E6E337AE1E044AD600787E88 /* InformationController.swift in Sources */ = {isa = PBXBuildFile; fileRef = E6E337AD1E044AD600787E88 /* InformationController.swift */; };
		E6EE8BB91E2F7170001AF195 /* Localizable.stringsdict in Resources */ = {isa = PBXBuildFile; fileRef = E6EE8BB81E2F7170001AF195 /* Localizable.stringsdict */; };
		E6EE8BBC1E2F7BFB001AF195 /* Localizable.strings in Resources */ = {isa = PBXBuildFile; fileRef = E6EE8BBB1E2F7BFB001AF195 /* Localizable.strings */; };
		E6F604701E08106000A6461A /* CloseButton.swift in Sources */ = {isa = PBXBuildFile; fileRef = E6F6046F1E08106000A6461A /* CloseButton.swift */; };
/* End PBXBuildFile section */

/* Begin PBXContainerItemProxy section */
		0387E4D91E58F2E10029E7CF /* PBXContainerItemProxy */ = {
			isa = PBXContainerItemProxy;
			containerPortal = 147A139C1B92B9E300E52F9C /* Project object */;
			proxyType = 1;
			remoteGlobalIDString = 0387E4CE1E58F2E10029E7CF;
			remoteInfo = Today;
		};
		9FFFCA40200384390060F86F /* PBXContainerItemProxy */ = {
			isa = PBXContainerItemProxy;
			containerPortal = 147A139C1B92B9E300E52F9C /* Project object */;
			proxyType = 1;
			remoteGlobalIDString = 146E27881BCD51C800959BBA;
			remoteInfo = Daylight;
		};
/* End PBXContainerItemProxy section */

/* Begin PBXCopyFilesBuildPhase section */
		0387E4DF1E58F2E10029E7CF /* Embed App Extensions */ = {
			isa = PBXCopyFilesBuildPhase;
			buildActionMask = 2147483647;
			dstPath = "";
			dstSubfolderSpec = 13;
			files = (
				0387E4DB1E58F2E10029E7CF /* Today.appex in Embed App Extensions */,
			);
			name = "Embed App Extensions";
			runOnlyForDeploymentPostprocessing = 0;
		};
		14F3560E1DE9C2020016AA17 /* Embed Frameworks */ = {
			isa = PBXCopyFilesBuildPhase;
			buildActionMask = 2147483647;
			dstPath = "";
			dstSubfolderSpec = 10;
			files = (
				9F47BA302033241500FB805B /* SweetSwift.framework in Embed Frameworks */,
				148FBB6B1E07EDBE009ED9F3 /* SweetUIKit.framework in Embed Frameworks */,
			);
			name = "Embed Frameworks";
			runOnlyForDeploymentPostprocessing = 0;
		};
/* End PBXCopyFilesBuildPhase section */

/* Begin PBXFileReference section */
		0387E4CF1E58F2E10029E7CF /* Today.appex */ = {isa = PBXFileReference; explicitFileType = "wrapper.app-extension"; includeInIndex = 0; path = Today.appex; sourceTree = BUILT_PRODUCTS_DIR; };
		0387E4D01E58F2E10029E7CF /* NotificationCenter.framework */ = {isa = PBXFileReference; lastKnownFileType = wrapper.framework; name = NotificationCenter.framework; path = System/Library/Frameworks/NotificationCenter.framework; sourceTree = SDKROOT; };
		0387E4D31E58F2E10029E7CF /* TodayViewController.swift */ = {isa = PBXFileReference; lastKnownFileType = sourcecode.swift; path = TodayViewController.swift; sourceTree = "<group>"; };
		0387E4D81E58F2E10029E7CF /* Info.plist */ = {isa = PBXFileReference; lastKnownFileType = text.plist.xml; path = Info.plist; sourceTree = "<group>"; };
		03C6289D1E58F71F00A69F3D /* Images.xcassets */ = {isa = PBXFileReference; lastKnownFileType = folder.assetcatalog; path = Images.xcassets; sourceTree = "<group>"; };
		03C628B01E59AE8F00A69F3D /* TodayView.swift */ = {isa = PBXFileReference; fileEncoding = 4; lastKnownFileType = sourcecode.swift; path = TodayView.swift; sourceTree = "<group>"; };
		03C628B21E59B55100A69F3D /* UIColor+Helpers.swift */ = {isa = PBXFileReference; fileEncoding = 4; lastKnownFileType = sourcecode.swift; path = "UIColor+Helpers.swift"; sourceTree = "<group>"; };
		1418DB881E08A8BF0041C201 /* Suntimes.framework */ = {isa = PBXFileReference; lastKnownFileType = wrapper.framework; name = Suntimes.framework; path = Carthage/Build/iOS/Suntimes.framework; sourceTree = "<group>"; };
		141E1D1B1E3B719C0037B45D /* Oslo.gpx */ = {isa = PBXFileReference; fileEncoding = 4; lastKnownFileType = text.xml; path = Oslo.gpx; sourceTree = "<group>"; };
		1432419A1E1BF4D9000E6950 /* UIScreen+Helpers.swift */ = {isa = PBXFileReference; fileEncoding = 4; lastKnownFileType = sourcecode.swift; path = "UIScreen+Helpers.swift"; sourceTree = "<group>"; };
		143D3B1F1DE9D3E0003F77B9 /* Theme.swift */ = {isa = PBXFileReference; fileEncoding = 4; lastKnownFileType = sourcecode.swift; path = Theme.swift; sourceTree = "<group>"; };
		143D3B241DE9D3F3003F77B9 /* AppDelegate.swift */ = {isa = PBXFileReference; fileEncoding = 4; lastKnownFileType = sourcecode.swift; path = AppDelegate.swift; sourceTree = "<group>"; };
		143D3B251DE9D3F3003F77B9 /* MainController.swift */ = {isa = PBXFileReference; fileEncoding = 4; lastKnownFileType = sourcecode.swift; path = MainController.swift; sourceTree = "<group>"; };
		143D3B281DE9D434003F77B9 /* LocationTracker.swift */ = {isa = PBXFileReference; fileEncoding = 4; lastKnownFileType = sourcecode.swift; path = LocationTracker.swift; sourceTree = "<group>"; };
		144D8CEA1E089D6C0036FD4B /* SunriseSet+HelperTests.swift */ = {isa = PBXFileReference; fileEncoding = 4; lastKnownFileType = sourcecode.swift; path = "SunriseSet+HelperTests.swift"; sourceTree = "<group>"; };
		14507A771E09F8C60032F0AF /* Message.swift */ = {isa = PBXFileReference; fileEncoding = 4; lastKnownFileType = sourcecode.swift; path = Message.swift; sourceTree = "<group>"; };
		14507A7B1E09F9AF0032F0AF /* MessageTests.swift */ = {isa = PBXFileReference; fileEncoding = 4; lastKnownFileType = sourcecode.swift; path = MessageTests.swift; sourceTree = "<group>"; };
		146AE9AC1E08B050003EE788 /* Date+Helpers.swift */ = {isa = PBXFileReference; fileEncoding = 4; lastKnownFileType = sourcecode.swift; path = "Date+Helpers.swift"; sourceTree = "<group>"; };
		146E27891BCD51C800959BBA /* Daylight.app */ = {isa = PBXFileReference; explicitFileType = wrapper.application; includeInIndex = 0; path = Daylight.app; sourceTree = BUILT_PRODUCTS_DIR; };
		146E27A01BCD51F200959BBA /* Base */ = {isa = PBXFileReference; lastKnownFileType = file.xib; name = Base; path = Base.lproj/LaunchScreen.xib; sourceTree = "<group>"; };
		146E27A11BCD51F200959BBA /* Images.xcassets */ = {isa = PBXFileReference; lastKnownFileType = folder.assetcatalog; path = Images.xcassets; sourceTree = "<group>"; };
		146E27A21BCD51F200959BBA /* Info.plist */ = {isa = PBXFileReference; fileEncoding = 4; lastKnownFileType = text.plist.xml; path = Info.plist; sourceTree = "<group>"; };
		146EE0451E1BC40200F08A13 /* Date+HelperTests.swift */ = {isa = PBXFileReference; fileEncoding = 4; lastKnownFileType = sourcecode.swift; path = "Date+HelperTests.swift"; sourceTree = "<group>"; };
		1483128C1B92C11500266943 /* Info.plist */ = {isa = PBXFileReference; lastKnownFileType = text.plist.xml; path = Info.plist; sourceTree = "<group>"; };
		1483128D1B92C11500266943 /* MessageGenerationTests.swift */ = {isa = PBXFileReference; lastKnownFileType = sourcecode.swift; path = MessageGenerationTests.swift; sourceTree = "<group>"; };
		148FBB691E07EDBE009ED9F3 /* SweetUIKit.framework */ = {isa = PBXFileReference; lastKnownFileType = wrapper.framework; name = SweetUIKit.framework; path = Carthage/Build/iOS/SweetUIKit.framework; sourceTree = "<group>"; };
		14A10F571E0D336E00A2D098 /* suncalc.js */ = {isa = PBXFileReference; fileEncoding = 4; lastKnownFileType = sourcecode.javascript; path = suncalc.js; sourceTree = "<group>"; };
		14A10F5A1E0D339D00A2D098 /* SunTime.swift */ = {isa = PBXFileReference; fileEncoding = 4; lastKnownFileType = sourcecode.swift; path = SunTime.swift; sourceTree = "<group>"; };
		14A3E1771E09E6BF002F0D6C /* Settings.swift */ = {isa = PBXFileReference; fileEncoding = 4; lastKnownFileType = sourcecode.swift; path = Settings.swift; sourceTree = "<group>"; };
		14C5918C1E24082F0035AB81 /* MainView.swift */ = {isa = PBXFileReference; fileEncoding = 4; lastKnownFileType = sourcecode.swift; path = MainView.swift; sourceTree = "<group>"; };
		14C5918E1E2414ED0035AB81 /* OnboardingController.swift */ = {isa = PBXFileReference; fileEncoding = 4; lastKnownFileType = sourcecode.swift; path = OnboardingController.swift; sourceTree = "<group>"; };
		14E6F3C91E08735200F9C3F6 /* SunPhaseTests.swift */ = {isa = PBXFileReference; fileEncoding = 4; lastKnownFileType = sourcecode.swift; path = SunPhaseTests.swift; sourceTree = "<group>"; };
		14F37F921E0D554700005101 /* SunCalcTests.swift */ = {isa = PBXFileReference; fileEncoding = 4; lastKnownFileType = sourcecode.swift; path = SunCalcTests.swift; sourceTree = "<group>"; };
		44227E8E1E067A1E002B911B /* Location.swift */ = {isa = PBXFileReference; fileEncoding = 4; lastKnownFileType = sourcecode.swift; path = Location.swift; sourceTree = "<group>"; };
		9F47BA2D203323E400FB805B /* SweetSwift.framework */ = {isa = PBXFileReference; lastKnownFileType = wrapper.framework; name = SweetSwift.framework; path = Carthage/Build/iOS/SweetSwift.framework; sourceTree = "<group>"; };
		9FFFCA3B200384390060F86F /* Tests.xctest */ = {isa = PBXFileReference; explicitFileType = wrapper.cfbundle; includeInIndex = 0; path = Tests.xctest; sourceTree = BUILT_PRODUCTS_DIR; };
		9FFFCA4B2003ABEE0060F86F /* Numbers+Time.swift */ = {isa = PBXFileReference; lastKnownFileType = sourcecode.swift; path = "Numbers+Time.swift"; sourceTree = "<group>"; };
		D197B1F36B473A0B1BAD021D /* DaylightModelController.swift */ = {isa = PBXFileReference; fileEncoding = 4; lastKnownFileType = sourcecode.swift; path = DaylightModelController.swift; sourceTree = "<group>"; };
		D197B54C8E75BC3669A5BD10 /* SunView.swift */ = {isa = PBXFileReference; fileEncoding = 4; lastKnownFileType = sourcecode.swift; path = SunView.swift; sourceTree = "<group>"; };
		D197BB965AB7D0E7EC42A89D /* String + Helpers.swift */ = {isa = PBXFileReference; fileEncoding = 4; lastKnownFileType = sourcecode.swift; path = "String + Helpers.swift"; sourceTree = "<group>"; };
		D197BBC3EDBF4CA099642BCE /* Notifier.swift */ = {isa = PBXFileReference; fileEncoding = 4; lastKnownFileType = sourcecode.swift; path = Notifier.swift; sourceTree = "<group>"; };
		D197BD0F150956F37CAE048A /* FNVHash.swift */ = {isa = PBXFileReference; fileEncoding = 4; lastKnownFileType = sourcecode.swift; path = FNVHash.swift; sourceTree = "<group>"; };
		E6D9D5061E02D7970007006D /* InformationButton.swift */ = {isa = PBXFileReference; fileEncoding = 4; lastKnownFileType = sourcecode.swift; path = InformationButton.swift; sourceTree = "<group>"; };
		E6E337AD1E044AD600787E88 /* InformationController.swift */ = {isa = PBXFileReference; fileEncoding = 4; lastKnownFileType = sourcecode.swift; path = InformationController.swift; sourceTree = "<group>"; };
		E6EE8BB81E2F7170001AF195 /* Localizable.stringsdict */ = {isa = PBXFileReference; fileEncoding = 1; lastKnownFileType = text.plist.stringsdict; path = Localizable.stringsdict; sourceTree = "<group>"; };
		E6EE8BBB1E2F7BFB001AF195 /* Localizable.strings */ = {isa = PBXFileReference; fileEncoding = 4; lastKnownFileType = text.plist.strings; path = Localizable.strings; sourceTree = "<group>"; };
		E6F6046F1E08106000A6461A /* CloseButton.swift */ = {isa = PBXFileReference; fileEncoding = 4; lastKnownFileType = sourcecode.swift; path = CloseButton.swift; sourceTree = "<group>"; };
/* End PBXFileReference section */

/* Begin PBXFrameworksBuildPhase section */
		0387E4CC1E58F2E10029E7CF /* Frameworks */ = {
			isa = PBXFrameworksBuildPhase;
			buildActionMask = 2147483647;
			files = (
				0387E4D11E58F2E10029E7CF /* NotificationCenter.framework in Frameworks */,
				9F47BA2F203323E400FB805B /* SweetSwift.framework in Frameworks */,
			);
			runOnlyForDeploymentPostprocessing = 0;
		};
		146E27861BCD51C800959BBA /* Frameworks */ = {
			isa = PBXFrameworksBuildPhase;
			buildActionMask = 2147483647;
			files = (
				148FBB6A1E07EDBE009ED9F3 /* SweetUIKit.framework in Frameworks */,
				9F47BA2E203323E400FB805B /* SweetSwift.framework in Frameworks */,
			);
			runOnlyForDeploymentPostprocessing = 0;
		};
		9FFFCA38200384390060F86F /* Frameworks */ = {
			isa = PBXFrameworksBuildPhase;
			buildActionMask = 2147483647;
			files = (
			);
			runOnlyForDeploymentPostprocessing = 0;
		};
/* End PBXFrameworksBuildPhase section */

/* Begin PBXGroup section */
		0387E4D21E58F2E10029E7CF /* Today */ = {
			isa = PBXGroup;
			children = (
				03C6289D1E58F71F00A69F3D /* Images.xcassets */,
				03C628B01E59AE8F00A69F3D /* TodayView.swift */,
				0387E4D31E58F2E10029E7CF /* TodayViewController.swift */,
				03C628B21E59B55100A69F3D /* UIColor+Helpers.swift */,
				0387E4D81E58F2E10029E7CF /* Info.plist */,
			);
			path = Today;
			sourceTree = "<group>";
		};
		1418DB8A1E08A8C70041C201 /* Test Frameworks */ = {
			isa = PBXGroup;
			children = (
				1418DB881E08A8BF0041C201 /* Suntimes.framework */,
			);
			name = "Test Frameworks";
			sourceTree = "<group>";
		};
		141A6FD31BDE2DAB00CB6E82 /* Library */ = {
			isa = PBXGroup;
			children = (
				14A10F571E0D336E00A2D098 /* suncalc.js */,
				143D3B1F1DE9D3E0003F77B9 /* Theme.swift */,
				9FFFCA4B2003ABEE0060F86F /* Numbers+Time.swift */,
				143D3B281DE9D434003F77B9 /* LocationTracker.swift */,
				44227E8E1E067A1E002B911B /* Location.swift */,
				146AE9AC1E08B050003EE788 /* Date+Helpers.swift */,
				D197BBC3EDBF4CA099642BCE /* Notifier.swift */,
				14A3E1771E09E6BF002F0D6C /* Settings.swift */,
				14507A771E09F8C60032F0AF /* Message.swift */,
				14A10F5A1E0D339D00A2D098 /* SunTime.swift */,
				1432419A1E1BF4D9000E6950 /* UIScreen+Helpers.swift */,
				D197BD0F150956F37CAE048A /* FNVHash.swift */,
				D197BB965AB7D0E7EC42A89D /* String + Helpers.swift */,
				D197B1F36B473A0B1BAD021D /* DaylightModelController.swift */,
			);
			path = Library;
			sourceTree = "<group>";
		};
		146E278A1BCD51C800959BBA /* iOS */ = {
			isa = PBXGroup;
			children = (
				146E279E1BCD51F200959BBA /* Resources */,
				146E27A31BCD51F200959BBA /* Source */,
			);
			path = iOS;
			sourceTree = "<group>";
		};
		146E279E1BCD51F200959BBA /* Resources */ = {
			isa = PBXGroup;
			children = (
				141E1D1B1E3B719C0037B45D /* Oslo.gpx */,
				E6EE8BBB1E2F7BFB001AF195 /* Localizable.strings */,
				146E279F1BCD51F200959BBA /* LaunchScreen.xib */,
				146E27A11BCD51F200959BBA /* Images.xcassets */,
				146E27A21BCD51F200959BBA /* Info.plist */,
				E6EE8BB81E2F7170001AF195 /* Localizable.stringsdict */,
			);
			path = Resources;
			sourceTree = "<group>";
		};
		146E27A31BCD51F200959BBA /* Source */ = {
			isa = PBXGroup;
			children = (
				143D3B241DE9D3F3003F77B9 /* AppDelegate.swift */,
				14C5918E1E2414ED0035AB81 /* OnboardingController.swift */,
				143D3B251DE9D3F3003F77B9 /* MainController.swift */,
				14C5918C1E24082F0035AB81 /* MainView.swift */,
				E6E337AD1E044AD600787E88 /* InformationController.swift */,
				E6D9D5061E02D7970007006D /* InformationButton.swift */,
				E6F6046F1E08106000A6461A /* CloseButton.swift */,
				D197B54C8E75BC3669A5BD10 /* SunView.swift */,
			);
			path = Source;
			sourceTree = "<group>";
		};
		147A139B1B92B9E300E52F9C = {
			isa = PBXGroup;
			children = (
				141A6FD31BDE2DAB00CB6E82 /* Library */,
				146E278A1BCD51C800959BBA /* iOS */,
				1483128A1B92C11500266943 /* Tests */,
				0387E4D21E58F2E10029E7CF /* Today */,
				147A13A51B92B9E300E52F9C /* Products */,
				1418DB8A1E08A8C70041C201 /* Test Frameworks */,
				14F3560F1DE9C21B0016AA17 /* Frameworks */,
			);
			sourceTree = "<group>";
		};
		147A13A51B92B9E300E52F9C /* Products */ = {
			isa = PBXGroup;
			children = (
				146E27891BCD51C800959BBA /* Daylight.app */,
				0387E4CF1E58F2E10029E7CF /* Today.appex */,
				9FFFCA3B200384390060F86F /* Tests.xctest */,
			);
			name = Products;
			sourceTree = "<group>";
		};
		1483128A1B92C11500266943 /* Tests */ = {
			isa = PBXGroup;
			children = (
				1483128D1B92C11500266943 /* MessageGenerationTests.swift */,
				14F37F921E0D554700005101 /* SunCalcTests.swift */,
				14E6F3C91E08735200F9C3F6 /* SunPhaseTests.swift */,
				144D8CEA1E089D6C0036FD4B /* SunriseSet+HelperTests.swift */,
				14507A7B1E09F9AF0032F0AF /* MessageTests.swift */,
				1483128C1B92C11500266943 /* Info.plist */,
				146EE0451E1BC40200F08A13 /* Date+HelperTests.swift */,
			);
			path = Tests;
			sourceTree = "<group>";
		};
		14F3560F1DE9C21B0016AA17 /* Frameworks */ = {
			isa = PBXGroup;
			children = (
				9F47BA2D203323E400FB805B /* SweetSwift.framework */,
				148FBB691E07EDBE009ED9F3 /* SweetUIKit.framework */,
				0387E4D01E58F2E10029E7CF /* NotificationCenter.framework */,
			);
			name = Frameworks;
			sourceTree = "<group>";
		};
/* End PBXGroup section */

/* Begin PBXNativeTarget section */
		0387E4CE1E58F2E10029E7CF /* Today */ = {
			isa = PBXNativeTarget;
			buildConfigurationList = 0387E4DE1E58F2E10029E7CF /* Build configuration list for PBXNativeTarget "Today" */;
			buildPhases = (
				0387E4CB1E58F2E10029E7CF /* Sources */,
				0387E4CC1E58F2E10029E7CF /* Frameworks */,
				0387E4CD1E58F2E10029E7CF /* Resources */,
			);
			buildRules = (
			);
			dependencies = (
			);
			name = Today;
			productName = Today;
			productReference = 0387E4CF1E58F2E10029E7CF /* Today.appex */;
			productType = "com.apple.product-type.app-extension";
		};
		146E27881BCD51C800959BBA /* Daylight */ = {
			isa = PBXNativeTarget;
			buildConfigurationList = 146E27961BCD51C800959BBA /* Build configuration list for PBXNativeTarget "Daylight" */;
			buildPhases = (
				146E27851BCD51C800959BBA /* Sources */,
				146E27861BCD51C800959BBA /* Frameworks */,
				146E27871BCD51C800959BBA /* Resources */,
				14425E4A1C96FED200F0FAD1 /* Highlight TODOs, FIXMEs and WARNINGs */,
				14F3560E1DE9C2020016AA17 /* Embed Frameworks */,
				14C9C6951E05641300A8DACB /* Carthage */,
				0387E4DF1E58F2E10029E7CF /* Embed App Extensions */,
			);
			buildRules = (
			);
			dependencies = (
				0387E4DA1E58F2E10029E7CF /* PBXTargetDependency */,
			);
			name = Daylight;
			productName = iOS;
			productReference = 146E27891BCD51C800959BBA /* Daylight.app */;
			productType = "com.apple.product-type.application";
		};
		9FFFCA3A200384390060F86F /* Tests */ = {
			isa = PBXNativeTarget;
			buildConfigurationList = 9FFFCA42200384390060F86F /* Build configuration list for PBXNativeTarget "Tests" */;
			buildPhases = (
				9FFFCA37200384390060F86F /* Sources */,
				9FFFCA38200384390060F86F /* Frameworks */,
				9FFFCA39200384390060F86F /* Resources */,
			);
			buildRules = (
			);
			dependencies = (
				9FFFCA41200384390060F86F /* PBXTargetDependency */,
			);
			name = Tests;
			productName = Tests;
			productReference = 9FFFCA3B200384390060F86F /* Tests.xctest */;
			productType = "com.apple.product-type.bundle.unit-test";
		};
/* End PBXNativeTarget section */

/* Begin PBXProject section */
		147A139C1B92B9E300E52F9C /* Project object */ = {
			isa = PBXProject;
			attributes = {
				LastSwiftMigration = 0700;
				LastSwiftUpdateCheck = 0920;
				LastUpgradeCheck = 0940;
				ORGANIZATIONNAME = "";
				TargetAttributes = {
					0387E4CE1E58F2E10029E7CF = {
						CreatedOnToolsVersion = 8.2.1;
						DevelopmentTeam = 29X3GG489T;
						LastSwiftMigration = 0910;
						ProvisioningStyle = Automatic;
					};
					146E27881BCD51C800959BBA = {
						CreatedOnToolsVersion = 7.0.1;
						DevelopmentTeam = 29X3GG489T;
						LastSwiftMigration = 0910;
					};
					9FFFCA3A200384390060F86F = {
						CreatedOnToolsVersion = 9.2;
						DevelopmentTeam = 29X3GG489T;
						ProvisioningStyle = Automatic;
						TestTargetID = 146E27881BCD51C800959BBA;
					};
				};
			};
			buildConfigurationList = 147A139F1B92B9E300E52F9C /* Build configuration list for PBXProject "Daylight" */;
			compatibilityVersion = "Xcode 3.2";
			developmentRegion = English;
			hasScannedForEncodings = 0;
			knownRegions = (
				en,
				Base,
			);
			mainGroup = 147A139B1B92B9E300E52F9C;
			productRefGroup = 147A13A51B92B9E300E52F9C /* Products */;
			projectDirPath = "";
			projectRoot = "";
			targets = (
				146E27881BCD51C800959BBA /* Daylight */,
				0387E4CE1E58F2E10029E7CF /* Today */,
				9FFFCA3A200384390060F86F /* Tests */,
			);
		};
/* End PBXProject section */

/* Begin PBXResourcesBuildPhase section */
		0387E4CD1E58F2E10029E7CF /* Resources */ = {
			isa = PBXResourcesBuildPhase;
			buildActionMask = 2147483647;
			files = (
				03C628AF1E59A60200A69F3D /* suncalc.js in Resources */,
				03C6289E1E58F71F00A69F3D /* Images.xcassets in Resources */,
				03C628B81E59BAD200A69F3D /* Localizable.stringsdict in Resources */,
			);
			runOnlyForDeploymentPostprocessing = 0;
		};
		146E27871BCD51C800959BBA /* Resources */ = {
			isa = PBXResourcesBuildPhase;
			buildActionMask = 2147483647;
			files = (
				141E1D1C1E3B719C0037B45D /* Oslo.gpx in Resources */,
				146E27AA1BCD51F200959BBA /* Images.xcassets in Resources */,
				E6EE8BBC1E2F7BFB001AF195 /* Localizable.strings in Resources */,
				146E27A91BCD51F200959BBA /* LaunchScreen.xib in Resources */,
				14A10F581E0D336E00A2D098 /* suncalc.js in Resources */,
				E6EE8BB91E2F7170001AF195 /* Localizable.stringsdict in Resources */,
			);
			runOnlyForDeploymentPostprocessing = 0;
		};
		9FFFCA39200384390060F86F /* Resources */ = {
			isa = PBXResourcesBuildPhase;
			buildActionMask = 2147483647;
			files = (
			);
			runOnlyForDeploymentPostprocessing = 0;
		};
/* End PBXResourcesBuildPhase section */

/* Begin PBXShellScriptBuildPhase section */
		14425E4A1C96FED200F0FAD1 /* Highlight TODOs, FIXMEs and WARNINGs */ = {
			isa = PBXShellScriptBuildPhase;
			buildActionMask = 2147483647;
			files = (
			);
			inputPaths = (
			);
			name = "Highlight TODOs, FIXMEs and WARNINGs";
			outputPaths = (
			);
			runOnlyForDeploymentPostprocessing = 0;
			shellPath = /bin/sh;
			shellScript = "if [ \"${CONFIGURATION}\" = \"Debug\" ]; then\nTAGS=\"\\/\\/ TODO:|\\/\\/ FIXME:|\\/\\/ WARNING:\"\necho \"searching ${SRCROOT} for ${TAGS}\"\nfind \"${SRCROOT}\" \\( -name \"*.swift\" \\) -print0 | xargs -0 egrep --with-filename --line-number --only-matching \"($TAGS).*\\$\" | perl -p -e \"s/($TAGS)/ warning: \\$1/\"\nfi\n";
		};
		14C9C6951E05641300A8DACB /* Carthage */ = {
			isa = PBXShellScriptBuildPhase;
			buildActionMask = 2147483647;
			files = (
			);
			inputPaths = (
				"$(SRCROOT)/Carthage/Build/iOS/SweetUIKit.framework",
				"$(SRCROOT)/Carthage/Build/iOS/SweetSwift.framework",
			);
			name = Carthage;
			outputPaths = (
			);
			runOnlyForDeploymentPostprocessing = 0;
			shellPath = /bin/sh;
			shellScript = "/usr/local/bin/carthage copy-frameworks";
		};
/* End PBXShellScriptBuildPhase section */

/* Begin PBXSourcesBuildPhase section */
		0387E4CB1E58F2E10029E7CF /* Sources */ = {
			isa = PBXSourcesBuildPhase;
			buildActionMask = 2147483647;
			files = (
				0387E4D41E58F2E10029E7CF /* TodayViewController.swift in Sources */,
				03C628B31E59B55100A69F3D /* UIColor+Helpers.swift in Sources */,
				9F09E4E9203C6D5E000A0A0F /* FNVHash.swift in Sources */,
				9F09E4E7203C66F8000A0A0F /* Location.swift in Sources */,
				9F09E4EA203C6D77000A0A0F /* Numbers+Time.swift in Sources */,
				9F09E4E8203C689A000A0A0F /* Message.swift in Sources */,
				9F09E4EB203C6DA3000A0A0F /* String + Helpers.swift in Sources */,
				9F09E4E6203C66DF000A0A0F /* Date+Helpers.swift in Sources */,
				03C628B11E59AE8F00A69F3D /* TodayView.swift in Sources */,
				03C628A81E58FAD800A69F3D /* Theme.swift in Sources */,
				9F09E4E4203C6556000A0A0F /* LocationTracker.swift in Sources */,
				9F09E4E5203C6598000A0A0F /* SunTime.swift in Sources */,
			);
			runOnlyForDeploymentPostprocessing = 0;
		};
		146E27851BCD51C800959BBA /* Sources */ = {
			isa = PBXSourcesBuildPhase;
			buildActionMask = 2147483647;
			files = (
				143D3B261DE9D3F3003F77B9 /* AppDelegate.swift in Sources */,
				14C5918D1E24082F0035AB81 /* MainView.swift in Sources */,
				143D3B271DE9D3F3003F77B9 /* MainController.swift in Sources */,
				44227E8F1E067A1E002B911B /* Location.swift in Sources */,
				146AE9AD1E08B050003EE788 /* Date+Helpers.swift in Sources */,
				143D3B221DE9D3E0003F77B9 /* Theme.swift in Sources */,
				E6E337AE1E044AD600787E88 /* InformationController.swift in Sources */,
				E6F604701E08106000A6461A /* CloseButton.swift in Sources */,
				14A3E1781E09E6BF002F0D6C /* Settings.swift in Sources */,
				14C5918F1E2414ED0035AB81 /* OnboardingController.swift in Sources */,
				E6D9D5071E02D7970007006D /* InformationButton.swift in Sources */,
				14A10F5B1E0D339D00A2D098 /* SunTime.swift in Sources */,
				143D3B291DE9D434003F77B9 /* LocationTracker.swift in Sources */,
				14507A781E09F8C60032F0AF /* Message.swift in Sources */,
				9FFFCA4C2003ABEE0060F86F /* Numbers+Time.swift in Sources */,
				1432419B1E1BF4D9000E6950 /* UIScreen+Helpers.swift in Sources */,
				D197B9F3E7C85A89377CBAAA /* Notifier.swift in Sources */,
				D197B5A6D4413DEF81D6B469 /* FNVHash.swift in Sources */,
				D197B2A38145C1C1E03EC48D /* String + Helpers.swift in Sources */,
				D197BE076EECA92FE99E8CAB /* SunView.swift in Sources */,
				D197B46B597F265ED1413F86 /* DaylightModelController.swift in Sources */,
			);
			runOnlyForDeploymentPostprocessing = 0;
		};
		9FFFCA37200384390060F86F /* Sources */ = {
			isa = PBXSourcesBuildPhase;
			buildActionMask = 2147483647;
			files = (
				9FFFCA45200384530060F86F /* MessageGenerationTests.swift in Sources */,
				9FFFCA46200384530060F86F /* SunCalcTests.swift in Sources */,
				9FFFCA47200384530060F86F /* SunPhaseTests.swift in Sources */,
				9FFFCA48200384530060F86F /* SunriseSet+HelperTests.swift in Sources */,
				9FFFCA49200384530060F86F /* MessageTests.swift in Sources */,
				9FFFCA4A200384530060F86F /* Date+HelperTests.swift in Sources */,
				D197B82889BF092A03FFCC2D /* DaylightModelController.swift in Sources */,
			);
			runOnlyForDeploymentPostprocessing = 0;
		};
/* End PBXSourcesBuildPhase section */

/* Begin PBXTargetDependency section */
		0387E4DA1E58F2E10029E7CF /* PBXTargetDependency */ = {
			isa = PBXTargetDependency;
			target = 0387E4CE1E58F2E10029E7CF /* Today */;
			targetProxy = 0387E4D91E58F2E10029E7CF /* PBXContainerItemProxy */;
		};
		9FFFCA41200384390060F86F /* PBXTargetDependency */ = {
			isa = PBXTargetDependency;
			target = 146E27881BCD51C800959BBA /* Daylight */;
			targetProxy = 9FFFCA40200384390060F86F /* PBXContainerItemProxy */;
		};
/* End PBXTargetDependency section */

/* Begin PBXVariantGroup section */
		146E279F1BCD51F200959BBA /* LaunchScreen.xib */ = {
			isa = PBXVariantGroup;
			children = (
				146E27A01BCD51F200959BBA /* Base */,
			);
			name = LaunchScreen.xib;
			sourceTree = "<group>";
		};
/* End PBXVariantGroup section */

/* Begin XCBuildConfiguration section */
		0387E4DC1E58F2E10029E7CF /* Debug */ = {
			isa = XCBuildConfiguration;
			buildSettings = {
				CLANG_ANALYZER_NONNULL = YES;
				CLANG_WARN_DOCUMENTATION_COMMENTS = YES;
				DEBUG_INFORMATION_FORMAT = dwarf;
				DEVELOPMENT_TEAM = 29X3GG489T;
				FRAMEWORK_SEARCH_PATHS = (
					"$(inherited)",
					"$(PROJECT_DIR)/Carthage/Build/iOS",
				);
				INFOPLIST_FILE = Today/Info.plist;
				IPHONEOS_DEPLOYMENT_TARGET = 10.2;
				LD_RUNPATH_SEARCH_PATHS = "$(inherited) @executable_path/Frameworks @executable_path/../../Frameworks";
				PRODUCT_BUNDLE_IDENTIFIER = com.bakkenbaeck.daylight.Today;
				PRODUCT_NAME = "$(TARGET_NAME)";
				SKIP_INSTALL = YES;
				SWIFT_ACTIVE_COMPILATION_CONDITIONS = DEBUG;
				SWIFT_VERSION = 4.0;
			};
			name = Debug;
		};
		0387E4DD1E58F2E10029E7CF /* Release */ = {
			isa = XCBuildConfiguration;
			buildSettings = {
				CLANG_ANALYZER_NONNULL = YES;
				CLANG_WARN_DOCUMENTATION_COMMENTS = YES;
				DEVELOPMENT_TEAM = 29X3GG489T;
				FRAMEWORK_SEARCH_PATHS = (
					"$(inherited)",
					"$(PROJECT_DIR)/Carthage/Build/iOS",
				);
				INFOPLIST_FILE = Today/Info.plist;
				IPHONEOS_DEPLOYMENT_TARGET = 10.2;
				LD_RUNPATH_SEARCH_PATHS = "$(inherited) @executable_path/Frameworks @executable_path/../../Frameworks";
				PRODUCT_BUNDLE_IDENTIFIER = com.bakkenbaeck.daylight.Today;
				PRODUCT_NAME = "$(TARGET_NAME)";
				SKIP_INSTALL = YES;
				SWIFT_VERSION = 4.0;
			};
			name = Release;
		};
		146E27971BCD51C800959BBA /* Debug */ = {
			isa = XCBuildConfiguration;
			buildSettings = {
				ALWAYS_EMBED_SWIFT_STANDARD_LIBRARIES = YES;
				ASSETCATALOG_COMPILER_APPICON_NAME = AppIcon;
				DEBUG_INFORMATION_FORMAT = dwarf;
				DEVELOPMENT_TEAM = 29X3GG489T;
				FRAMEWORK_SEARCH_PATHS = (
					"$(inherited)",
					"$(PROJECT_DIR)/Carthage/Build/iOS",
				);
				INFOPLIST_FILE = iOS/Resources/Info.plist;
				IPHONEOS_DEPLOYMENT_TARGET = 10.0;
				LD_RUNPATH_SEARCH_PATHS = "$(inherited) @executable_path/Frameworks";
				PRODUCT_BUNDLE_IDENTIFIER = com.bakkenbaeck.daylight;
				PRODUCT_NAME = "$(TARGET_NAME)";
				SWIFT_VERSION = 4.0;
			};
			name = Debug;
		};
		146E27981BCD51C800959BBA /* Release */ = {
			isa = XCBuildConfiguration;
			buildSettings = {
				ALWAYS_EMBED_SWIFT_STANDARD_LIBRARIES = YES;
				ASSETCATALOG_COMPILER_APPICON_NAME = AppIcon;
				DEVELOPMENT_TEAM = 29X3GG489T;
				FRAMEWORK_SEARCH_PATHS = (
					"$(inherited)",
					"$(PROJECT_DIR)/Carthage/Build/iOS",
				);
				INFOPLIST_FILE = iOS/Resources/Info.plist;
				IPHONEOS_DEPLOYMENT_TARGET = 10.0;
				LD_RUNPATH_SEARCH_PATHS = "$(inherited) @executable_path/Frameworks";
				PRODUCT_BUNDLE_IDENTIFIER = com.bakkenbaeck.daylight;
				PRODUCT_NAME = "$(TARGET_NAME)";
				SWIFT_VERSION = 4.0;
			};
			name = Release;
		};
		147A13C41B92B9E300E52F9C /* Debug */ = {
			isa = XCBuildConfiguration;
			buildSettings = {
				ALWAYS_SEARCH_USER_PATHS = NO;
				CLANG_CXX_LANGUAGE_STANDARD = "gnu++0x";
				CLANG_CXX_LIBRARY = "libc++";
				CLANG_ENABLE_MODULES = YES;
				CLANG_ENABLE_OBJC_ARC = YES;
				CLANG_WARN_BLOCK_CAPTURE_AUTORELEASING = YES;
				CLANG_WARN_BOOL_CONVERSION = YES;
				CLANG_WARN_COMMA = YES;
				CLANG_WARN_CONSTANT_CONVERSION = YES;
				CLANG_WARN_DEPRECATED_OBJC_IMPLEMENTATIONS = YES;
				CLANG_WARN_DIRECT_OBJC_ISA_USAGE = YES_ERROR;
				CLANG_WARN_EMPTY_BODY = YES;
				CLANG_WARN_ENUM_CONVERSION = YES;
				CLANG_WARN_INFINITE_RECURSION = YES;
				CLANG_WARN_INT_CONVERSION = YES;
				CLANG_WARN_NON_LITERAL_NULL_CONVERSION = YES;
				CLANG_WARN_OBJC_IMPLICIT_RETAIN_SELF = YES;
				CLANG_WARN_OBJC_LITERAL_CONVERSION = YES;
				CLANG_WARN_OBJC_ROOT_CLASS = YES_ERROR;
				CLANG_WARN_RANGE_LOOP_ANALYSIS = YES;
				CLANG_WARN_STRICT_PROTOTYPES = YES;
				CLANG_WARN_SUSPICIOUS_MOVE = YES;
				CLANG_WARN_UNREACHABLE_CODE = YES;
				CLANG_WARN__DUPLICATE_METHOD_MATCH = YES;
				"CODE_SIGN_IDENTITY[sdk=iphoneos*]" = "iPhone Developer";
				COPY_PHASE_STRIP = NO;
				DEBUG_INFORMATION_FORMAT = "dwarf-with-dsym";
				ENABLE_STRICT_OBJC_MSGSEND = YES;
				ENABLE_TESTABILITY = YES;
				GCC_C_LANGUAGE_STANDARD = gnu99;
				GCC_DYNAMIC_NO_PIC = NO;
				GCC_NO_COMMON_BLOCKS = YES;
				GCC_OPTIMIZATION_LEVEL = 0;
				GCC_PREPROCESSOR_DEFINITIONS = (
					"DEBUG=1",
					"$(inherited)",
				);
				GCC_SYMBOLS_PRIVATE_EXTERN = NO;
				GCC_WARN_64_TO_32_BIT_CONVERSION = YES;
				GCC_WARN_ABOUT_RETURN_TYPE = YES_ERROR;
				GCC_WARN_UNDECLARED_SELECTOR = YES;
				GCC_WARN_UNINITIALIZED_AUTOS = YES_AGGRESSIVE;
				GCC_WARN_UNUSED_FUNCTION = YES;
				GCC_WARN_UNUSED_VARIABLE = YES;
				IPHONEOS_DEPLOYMENT_TARGET = 10.0;
				MTL_ENABLE_DEBUG_INFO = YES;
				ONLY_ACTIVE_ARCH = YES;
				SDKROOT = iphoneos;
				SWIFT_OPTIMIZATION_LEVEL = "-Onone";
			};
			name = Debug;
		};
		147A13C51B92B9E300E52F9C /* Release */ = {
			isa = XCBuildConfiguration;
			buildSettings = {
				ALWAYS_SEARCH_USER_PATHS = NO;
				CLANG_CXX_LANGUAGE_STANDARD = "gnu++0x";
				CLANG_CXX_LIBRARY = "libc++";
				CLANG_ENABLE_MODULES = YES;
				CLANG_ENABLE_OBJC_ARC = YES;
				CLANG_WARN_BLOCK_CAPTURE_AUTORELEASING = YES;
				CLANG_WARN_BOOL_CONVERSION = YES;
				CLANG_WARN_COMMA = YES;
				CLANG_WARN_CONSTANT_CONVERSION = YES;
				CLANG_WARN_DEPRECATED_OBJC_IMPLEMENTATIONS = YES;
				CLANG_WARN_DIRECT_OBJC_ISA_USAGE = YES_ERROR;
				CLANG_WARN_EMPTY_BODY = YES;
				CLANG_WARN_ENUM_CONVERSION = YES;
				CLANG_WARN_INFINITE_RECURSION = YES;
				CLANG_WARN_INT_CONVERSION = YES;
				CLANG_WARN_NON_LITERAL_NULL_CONVERSION = YES;
				CLANG_WARN_OBJC_IMPLICIT_RETAIN_SELF = YES;
				CLANG_WARN_OBJC_LITERAL_CONVERSION = YES;
				CLANG_WARN_OBJC_ROOT_CLASS = YES_ERROR;
				CLANG_WARN_RANGE_LOOP_ANALYSIS = YES;
				CLANG_WARN_STRICT_PROTOTYPES = YES;
				CLANG_WARN_SUSPICIOUS_MOVE = YES;
				CLANG_WARN_UNREACHABLE_CODE = YES;
				CLANG_WARN__DUPLICATE_METHOD_MATCH = YES;
				"CODE_SIGN_IDENTITY[sdk=iphoneos*]" = "iPhone Developer";
				COPY_PHASE_STRIP = NO;
				DEBUG_INFORMATION_FORMAT = "dwarf-with-dsym";
				ENABLE_NS_ASSERTIONS = NO;
				ENABLE_STRICT_OBJC_MSGSEND = YES;
				GCC_C_LANGUAGE_STANDARD = gnu99;
				GCC_NO_COMMON_BLOCKS = YES;
				GCC_WARN_64_TO_32_BIT_CONVERSION = YES;
				GCC_WARN_ABOUT_RETURN_TYPE = YES_ERROR;
				GCC_WARN_UNDECLARED_SELECTOR = YES;
				GCC_WARN_UNINITIALIZED_AUTOS = YES_AGGRESSIVE;
				GCC_WARN_UNUSED_FUNCTION = YES;
				GCC_WARN_UNUSED_VARIABLE = YES;
				IPHONEOS_DEPLOYMENT_TARGET = 10.0;
				MTL_ENABLE_DEBUG_INFO = NO;
				SDKROOT = iphoneos;
				SWIFT_OPTIMIZATION_LEVEL = "-Owholemodule";
				VALIDATE_PRODUCT = YES;
			};
			name = Release;
		};
		9FFFCA43200384390060F86F /* Debug */ = {
			isa = XCBuildConfiguration;
			buildSettings = {
				BUNDLE_LOADER = "$(TEST_HOST)";
				CLANG_ANALYZER_NONNULL = YES;
				CLANG_ANALYZER_NUMBER_OBJECT_CONVERSION = YES_AGGRESSIVE;
				CLANG_CXX_LANGUAGE_STANDARD = "gnu++14";
				CLANG_WARN_DOCUMENTATION_COMMENTS = YES;
				CLANG_WARN_UNGUARDED_AVAILABILITY = YES_AGGRESSIVE;
				CODE_SIGN_IDENTITY = "iPhone Developer";
				CODE_SIGN_STYLE = Automatic;
				DEBUG_INFORMATION_FORMAT = dwarf;
				DEVELOPMENT_TEAM = 29X3GG489T;
				GCC_C_LANGUAGE_STANDARD = gnu11;
				INFOPLIST_FILE = Tests/Info.plist;
				IPHONEOS_DEPLOYMENT_TARGET = 11.2;
				LD_RUNPATH_SEARCH_PATHS = "$(inherited) @executable_path/Frameworks @loader_path/Frameworks";
				PRODUCT_BUNDLE_IDENTIFIER = no.bakkenbaeck.Tests;
				PRODUCT_NAME = "$(TARGET_NAME)";
				SWIFT_ACTIVE_COMPILATION_CONDITIONS = DEBUG;
				SWIFT_VERSION = 4.0;
				TARGETED_DEVICE_FAMILY = "1,2";
				TEST_HOST = "$(BUILT_PRODUCTS_DIR)/Daylight.app/Daylight";
			};
			name = Debug;
		};
		9FFFCA44200384390060F86F /* Release */ = {
			isa = XCBuildConfiguration;
			buildSettings = {
				BUNDLE_LOADER = "$(TEST_HOST)";
				CLANG_ANALYZER_NONNULL = YES;
				CLANG_ANALYZER_NUMBER_OBJECT_CONVERSION = YES_AGGRESSIVE;
				CLANG_CXX_LANGUAGE_STANDARD = "gnu++14";
				CLANG_WARN_DOCUMENTATION_COMMENTS = YES;
				CLANG_WARN_UNGUARDED_AVAILABILITY = YES_AGGRESSIVE;
				CODE_SIGN_IDENTITY = "iPhone Developer";
				CODE_SIGN_STYLE = Automatic;
				DEVELOPMENT_TEAM = 29X3GG489T;
				GCC_C_LANGUAGE_STANDARD = gnu11;
				INFOPLIST_FILE = Tests/Info.plist;
				IPHONEOS_DEPLOYMENT_TARGET = 11.2;
				LD_RUNPATH_SEARCH_PATHS = "$(inherited) @executable_path/Frameworks @loader_path/Frameworks";
				PRODUCT_BUNDLE_IDENTIFIER = no.bakkenbaeck.Tests;
				PRODUCT_NAME = "$(TARGET_NAME)";
				SWIFT_VERSION = 4.0;
				TARGETED_DEVICE_FAMILY = "1,2";
				TEST_HOST = "$(BUILT_PRODUCTS_DIR)/Daylight.app/Daylight";
			};
			name = Release;
		};
/* End XCBuildConfiguration section */

/* Begin XCConfigurationList section */
		0387E4DE1E58F2E10029E7CF /* Build configuration list for PBXNativeTarget "Today" */ = {
			isa = XCConfigurationList;
			buildConfigurations = (
				0387E4DC1E58F2E10029E7CF /* Debug */,
				0387E4DD1E58F2E10029E7CF /* Release */,
			);
			defaultConfigurationIsVisible = 0;
			defaultConfigurationName = Release;
		};
		146E27961BCD51C800959BBA /* Build configuration list for PBXNativeTarget "Daylight" */ = {
			isa = XCConfigurationList;
			buildConfigurations = (
				146E27971BCD51C800959BBA /* Debug */,
				146E27981BCD51C800959BBA /* Release */,
			);
			defaultConfigurationIsVisible = 0;
			defaultConfigurationName = Release;
		};
		147A139F1B92B9E300E52F9C /* Build configuration list for PBXProject "Daylight" */ = {
			isa = XCConfigurationList;
			buildConfigurations = (
				147A13C41B92B9E300E52F9C /* Debug */,
				147A13C51B92B9E300E52F9C /* Release */,
			);
			defaultConfigurationIsVisible = 0;
			defaultConfigurationName = Release;
		};
		9FFFCA42200384390060F86F /* Build configuration list for PBXNativeTarget "Tests" */ = {
			isa = XCConfigurationList;
			buildConfigurations = (
				9FFFCA43200384390060F86F /* Debug */,
				9FFFCA44200384390060F86F /* Release */,
			);
			defaultConfigurationIsVisible = 0;
			defaultConfigurationName = Release;
		};
/* End XCConfigurationList section */
	};
	rootObject = 147A139C1B92B9E300E52F9C /* Project object */;
}
